// !$*UTF8*$!
{
	archiveVersion = 1;
	classes = {
	};
	objectVersion = 70;
	objects = {

/* Begin PBXBuildFile section */
		0441C9D62EA0421D007B4243 /* ScreenTime.icon in Resources */ = {isa = PBXBuildFile; fileRef = 0441C9D52EA0421D007B4243 /* ScreenTime.icon */; };
		04642B3D2BF3AB68009D0998 /* DeviceActivity.swift in Sources */ = {isa = PBXBuildFile; fileRef = 04CC78392B96B167007FD5D1 /* DeviceActivity.swift */; };
		04642B452BF3ACA4009D0998 /* DeviceActivity.swift in Sources */ = {isa = PBXBuildFile; fileRef = 04CC78392B96B167007FD5D1 /* DeviceActivity.swift */; };
		04642B502BF3C37A009D0998 /* Array.swift in Sources */ = {isa = PBXBuildFile; fileRef = 04642B4F2BF3C37A009D0998 /* Array.swift */; };
		04642B512BF3C389009D0998 /* Array.swift in Sources */ = {isa = PBXBuildFile; fileRef = 04642B4F2BF3C37A009D0998 /* Array.swift */; };
		04AB49DA2CEAB14D00A78463 /* UserDefaults.swift in Sources */ = {isa = PBXBuildFile; fileRef = 04AB49D92CEAB14B00A78463 /* UserDefaults.swift */; };
		04AB49DB2CEAB14D00A78463 /* UserDefaults.swift in Sources */ = {isa = PBXBuildFile; fileRef = 04AB49D92CEAB14B00A78463 /* UserDefaults.swift */; };
		04AB4A152CEAB26D00A78463 /* Int.swift in Sources */ = {isa = PBXBuildFile; fileRef = 04AB4A142CEAB26C00A78463 /* Int.swift */; };
		04AB4A162CEAB26D00A78463 /* Int.swift in Sources */ = {isa = PBXBuildFile; fileRef = 04AB4A142CEAB26C00A78463 /* Int.swift */; };
		04AB4A182CEAC76100A78463 /* Date.swift in Sources */ = {isa = PBXBuildFile; fileRef = 04AB4A172CEAC76000A78463 /* Date.swift */; };
		04AB4A192CEAC76100A78463 /* Date.swift in Sources */ = {isa = PBXBuildFile; fileRef = 04AB4A172CEAC76000A78463 /* Date.swift */; };
		04BB03672E9A694C00444C68 /* URL.swift in Sources */ = {isa = PBXBuildFile; fileRef = 04BB03662E9A694C00444C68 /* URL.swift */; };
		04BB03682E9A694C00444C68 /* URL.swift in Sources */ = {isa = PBXBuildFile; fileRef = 04BB03662E9A694C00444C68 /* URL.swift */; };
		04BB036A2E9A695100444C68 /* Store.swift in Sources */ = {isa = PBXBuildFile; fileRef = 04BB03692E9A695100444C68 /* Store.swift */; };
		04BB036B2E9A695100444C68 /* Store.swift in Sources */ = {isa = PBXBuildFile; fileRef = 04BB03692E9A695100444C68 /* Store.swift */; };
		04BB037B2E9A6C1700444C68 /* ActivityMonitor.appex in Embed Foundation Extensions */ = {isa = PBXBuildFile; fileRef = 04BB03702E9A6C1600444C68 /* ActivityMonitor.appex */; settings = {ATTRIBUTES = (RemoveHeadersOnCopy, ); }; };
		04BB038F2E9A6C2400444C68 /* ShieldHandler.appex in Embed Foundation Extensions */ = {isa = PBXBuildFile; fileRef = 04BB03852E9A6C2400444C68 /* ShieldHandler.appex */; settings = {ATTRIBUTES = (RemoveHeadersOnCopy, ); }; };
		04BB03A32E9A6C2E00444C68 /* ShieldConfig.appex in Embed Foundation Extensions */ = {isa = PBXBuildFile; fileRef = 04BB03982E9A6C2E00444C68 /* ShieldConfig.appex */; settings = {ATTRIBUTES = (RemoveHeadersOnCopy, ); }; };
		04BB03AB2E9A6D2B00444C68 /* Date.swift in Sources */ = {isa = PBXBuildFile; fileRef = 04AB4A172CEAC76000A78463 /* Date.swift */; };
		04BB03AC2E9A6D2B00444C68 /* Date.swift in Sources */ = {isa = PBXBuildFile; fileRef = 04AB4A172CEAC76000A78463 /* Date.swift */; };
		04BB03AD2E9A6D2B00444C68 /* Date.swift in Sources */ = {isa = PBXBuildFile; fileRef = 04AB4A172CEAC76000A78463 /* Date.swift */; };
		04BB03AE2E9A6D3400444C68 /* DeviceActivity.swift in Sources */ = {isa = PBXBuildFile; fileRef = 04CC78392B96B167007FD5D1 /* DeviceActivity.swift */; };
		04BB03AF2E9A6D3400444C68 /* DeviceActivity.swift in Sources */ = {isa = PBXBuildFile; fileRef = 04CC78392B96B167007FD5D1 /* DeviceActivity.swift */; };
		04BB03B02E9A6D3400444C68 /* DeviceActivity.swift in Sources */ = {isa = PBXBuildFile; fileRef = 04CC78392B96B167007FD5D1 /* DeviceActivity.swift */; };
		04BB03B12E9A6D4100444C68 /* Store.swift in Sources */ = {isa = PBXBuildFile; fileRef = 04BB03692E9A695100444C68 /* Store.swift */; };
		04BB03B22E9A6D4100444C68 /* Store.swift in Sources */ = {isa = PBXBuildFile; fileRef = 04BB03692E9A695100444C68 /* Store.swift */; };
		04BB03B32E9A6D4100444C68 /* Store.swift in Sources */ = {isa = PBXBuildFile; fileRef = 04BB03692E9A695100444C68 /* Store.swift */; };
		04BB03B42E9A6D4A00444C68 /* UserDefaults.swift in Sources */ = {isa = PBXBuildFile; fileRef = 04AB49D92CEAB14B00A78463 /* UserDefaults.swift */; };
		04BB03B52E9A6D4A00444C68 /* UserDefaults.swift in Sources */ = {isa = PBXBuildFile; fileRef = 04AB49D92CEAB14B00A78463 /* UserDefaults.swift */; };
		04BB03B62E9A6D4A00444C68 /* UserDefaults.swift in Sources */ = {isa = PBXBuildFile; fileRef = 04AB49D92CEAB14B00A78463 /* UserDefaults.swift */; };
		04BB03B72E9A6D5600444C68 /* URL.swift in Sources */ = {isa = PBXBuildFile; fileRef = 04BB03662E9A694C00444C68 /* URL.swift */; };
		04BB03B82E9A6D5600444C68 /* URL.swift in Sources */ = {isa = PBXBuildFile; fileRef = 04BB03662E9A694C00444C68 /* URL.swift */; };
		04BB03B92E9A6D5600444C68 /* URL.swift in Sources */ = {isa = PBXBuildFile; fileRef = 04BB03662E9A694C00444C68 /* URL.swift */; };
		04BB03BD2E9A6FD500444C68 /* ActivityType.swift in Sources */ = {isa = PBXBuildFile; fileRef = 04BB03BC2E9A6FD300444C68 /* ActivityType.swift */; };
		04BB03BE2E9A70F500444C68 /* ActivityType.swift in Sources */ = {isa = PBXBuildFile; fileRef = 04BB03BC2E9A6FD300444C68 /* ActivityType.swift */; };
		04BB03BF2E9A70F500444C68 /* ActivityType.swift in Sources */ = {isa = PBXBuildFile; fileRef = 04BB03BC2E9A6FD300444C68 /* ActivityType.swift */; };
		04BB03C02E9A70F500444C68 /* ActivityType.swift in Sources */ = {isa = PBXBuildFile; fileRef = 04BB03BC2E9A6FD300444C68 /* ActivityType.swift */; };
		04BB03C12E9A70F800444C68 /* ActivityType.swift in Sources */ = {isa = PBXBuildFile; fileRef = 04BB03BC2E9A6FD300444C68 /* ActivityType.swift */; };
		04BB03C32E9A7EC900444C68 /* Collection.swift in Sources */ = {isa = PBXBuildFile; fileRef = 04BB03C22E9A7EC900444C68 /* Collection.swift */; };
		04BB03C42E9A7EC900444C68 /* Collection.swift in Sources */ = {isa = PBXBuildFile; fileRef = 04BB03C22E9A7EC900444C68 /* Collection.swift */; };
		04BB03C52E9A7EC900444C68 /* Collection.swift in Sources */ = {isa = PBXBuildFile; fileRef = 04BB03C22E9A7EC900444C68 /* Collection.swift */; };
		04BB03C62E9A7EC900444C68 /* Collection.swift in Sources */ = {isa = PBXBuildFile; fileRef = 04BB03C22E9A7EC900444C68 /* Collection.swift */; };
		04BB03C72E9A7EC900444C68 /* Collection.swift in Sources */ = {isa = PBXBuildFile; fileRef = 04BB03C22E9A7EC900444C68 /* Collection.swift */; };
		04BB03C92E9A7F8F00444C68 /* Double.swift in Sources */ = {isa = PBXBuildFile; fileRef = 04BB03C82E9A7F8C00444C68 /* Double.swift */; };
		04BB03CA2E9A7F8F00444C68 /* Double.swift in Sources */ = {isa = PBXBuildFile; fileRef = 04BB03C82E9A7F8C00444C68 /* Double.swift */; };
		04BB03CB2E9A7F8F00444C68 /* Double.swift in Sources */ = {isa = PBXBuildFile; fileRef = 04BB03C82E9A7F8C00444C68 /* Double.swift */; };
		04BB03CC2E9A7F8F00444C68 /* Double.swift in Sources */ = {isa = PBXBuildFile; fileRef = 04BB03C82E9A7F8C00444C68 /* Double.swift */; };
		04BB03CD2E9A7F8F00444C68 /* Double.swift in Sources */ = {isa = PBXBuildFile; fileRef = 04BB03C82E9A7F8C00444C68 /* Double.swift */; };
		04BB03D02E9A812100444C68 /* Device.swift in Sources */ = {isa = PBXBuildFile; fileRef = 04BB03CF2E9A812100444C68 /* Device.swift */; };
		04BFF0262CB13664001E61BF /* ActivityReport.swift in Sources */ = {isa = PBXBuildFile; fileRef = 04BFF0252CB13664001E61BF /* ActivityReport.swift */; };
		04CC78172B96AFED007FD5D1 /* App.swift in Sources */ = {isa = PBXBuildFile; fileRef = 04CC78162B96AFED007FD5D1 /* App.swift */; };
		04CC781B2B96AFEE007FD5D1 /* Assets.xcassets in Resources */ = {isa = PBXBuildFile; fileRef = 04CC781A2B96AFEE007FD5D1 /* Assets.xcassets */; };
		04CC78342B96B150007FD5D1 /* ActivityReport.appex in Embed ExtensionKit Extensions */ = {isa = PBXBuildFile; fileRef = 04CC78282B96B150007FD5D1 /* ActivityReport.appex */; settings = {ATTRIBUTES = (RemoveHeadersOnCopy, ); }; };
/* End PBXBuildFile section */

/* Begin PBXContainerItemProxy section */
		04BB03792E9A6C1700444C68 /* PBXContainerItemProxy */ = {
			isa = PBXContainerItemProxy;
			containerPortal = 04CC780B2B96AFED007FD5D1 /* Project object */;
			proxyType = 1;
			remoteGlobalIDString = 04BB036F2E9A6C1600444C68;
			remoteInfo = ActivityMonitor;
		};
		04BB038D2E9A6C2400444C68 /* PBXContainerItemProxy */ = {
			isa = PBXContainerItemProxy;
			containerPortal = 04CC780B2B96AFED007FD5D1 /* Project object */;
			proxyType = 1;
			remoteGlobalIDString = 04BB03842E9A6C2400444C68;
			remoteInfo = ShieldHandler;
		};
		04BB03A12E9A6C2E00444C68 /* PBXContainerItemProxy */ = {
			isa = PBXContainerItemProxy;
			containerPortal = 04CC780B2B96AFED007FD5D1 /* Project object */;
			proxyType = 1;
			remoteGlobalIDString = 04BB03972E9A6C2E00444C68;
			remoteInfo = ShieldConfig;
		};
		04CC78322B96B150007FD5D1 /* PBXContainerItemProxy */ = {
			isa = PBXContainerItemProxy;
			containerPortal = 04CC780B2B96AFED007FD5D1 /* Project object */;
			proxyType = 1;
			remoteGlobalIDString = 04CC78272B96B150007FD5D1;
			remoteInfo = ScreenTimeReport;
		};
/* End PBXContainerItemProxy section */

/* Begin PBXCopyFilesBuildPhase section */
		04BB03802E9A6C1700444C68 /* Embed Foundation Extensions */ = {
			isa = PBXCopyFilesBuildPhase;
			buildActionMask = 2147483647;
			dstPath = "";
			dstSubfolderSpec = 13;
			files = (
				04BB038F2E9A6C2400444C68 /* ShieldHandler.appex in Embed Foundation Extensions */,
				04BB03A32E9A6C2E00444C68 /* ShieldConfig.appex in Embed Foundation Extensions */,
				04BB037B2E9A6C1700444C68 /* ActivityMonitor.appex in Embed Foundation Extensions */,
			);
			name = "Embed Foundation Extensions";
			runOnlyForDeploymentPostprocessing = 0;
		};
		04CC78382B96B151007FD5D1 /* Embed ExtensionKit Extensions */ = {
			isa = PBXCopyFilesBuildPhase;
			buildActionMask = 2147483647;
			dstPath = "$(EXTENSIONS_FOLDER_PATH)";
			dstSubfolderSpec = 16;
			files = (
				04CC78342B96B150007FD5D1 /* ActivityReport.appex in Embed ExtensionKit Extensions */,
			);
			name = "Embed ExtensionKit Extensions";
			runOnlyForDeploymentPostprocessing = 0;
		};
/* End PBXCopyFilesBuildPhase section */

/* Begin PBXFileReference section */
		0441C9D52EA0421D007B4243 /* ScreenTime.icon */ = {isa = PBXFileReference; lastKnownFileType = folder.iconcomposer.icon; path = ScreenTime.icon; sourceTree = "<group>"; };
		04642B4F2BF3C37A009D0998 /* Array.swift */ = {isa = PBXFileReference; lastKnownFileType = sourcecode.swift; path = Array.swift; sourceTree = "<group>"; };
		04AB49D92CEAB14B00A78463 /* UserDefaults.swift */ = {isa = PBXFileReference; lastKnownFileType = sourcecode.swift; path = UserDefaults.swift; sourceTree = "<group>"; };
		04AB4A142CEAB26C00A78463 /* Int.swift */ = {isa = PBXFileReference; lastKnownFileType = sourcecode.swift; path = Int.swift; sourceTree = "<group>"; };
		04AB4A172CEAC76000A78463 /* Date.swift */ = {isa = PBXFileReference; lastKnownFileType = sourcecode.swift; path = Date.swift; sourceTree = "<group>"; };
		04BB03662E9A694C00444C68 /* URL.swift */ = {isa = PBXFileReference; lastKnownFileType = sourcecode.swift; path = URL.swift; sourceTree = "<group>"; };
		04BB03692E9A695100444C68 /* Store.swift */ = {isa = PBXFileReference; lastKnownFileType = sourcecode.swift; path = Store.swift; sourceTree = "<group>"; };
		04BB03702E9A6C1600444C68 /* ActivityMonitor.appex */ = {isa = PBXFileReference; explicitFileType = "wrapper.app-extension"; includeInIndex = 0; path = ActivityMonitor.appex; sourceTree = BUILT_PRODUCTS_DIR; };
		04BB03852E9A6C2400444C68 /* ShieldHandler.appex */ = {isa = PBXFileReference; explicitFileType = "wrapper.app-extension"; includeInIndex = 0; path = ShieldHandler.appex; sourceTree = BUILT_PRODUCTS_DIR; };
		04BB03982E9A6C2E00444C68 /* ShieldConfig.appex */ = {isa = PBXFileReference; explicitFileType = "wrapper.app-extension"; includeInIndex = 0; path = ShieldConfig.appex; sourceTree = BUILT_PRODUCTS_DIR; };
		04BB03BC2E9A6FD300444C68 /* ActivityType.swift */ = {isa = PBXFileReference; lastKnownFileType = sourcecode.swift; path = ActivityType.swift; sourceTree = "<group>"; };
		04BB03C22E9A7EC900444C68 /* Collection.swift */ = {isa = PBXFileReference; lastKnownFileType = sourcecode.swift; path = Collection.swift; sourceTree = "<group>"; };
		04BB03C82E9A7F8C00444C68 /* Double.swift */ = {isa = PBXFileReference; lastKnownFileType = sourcecode.swift; path = Double.swift; sourceTree = "<group>"; };
		04BB03CF2E9A812100444C68 /* Device.swift */ = {isa = PBXFileReference; lastKnownFileType = sourcecode.swift; path = Device.swift; sourceTree = "<group>"; };
		04BFF0252CB13664001E61BF /* ActivityReport.swift */ = {isa = PBXFileReference; lastKnownFileType = sourcecode.swift; path = ActivityReport.swift; sourceTree = "<group>"; };
		04CC78132B96AFED007FD5D1 /* ScreenTime.app */ = {isa = PBXFileReference; explicitFileType = wrapper.application; includeInIndex = 0; path = ScreenTime.app; sourceTree = BUILT_PRODUCTS_DIR; };
		04CC78162B96AFED007FD5D1 /* App.swift */ = {isa = PBXFileReference; lastKnownFileType = sourcecode.swift; path = App.swift; sourceTree = "<group>"; };
		04CC781A2B96AFEE007FD5D1 /* Assets.xcassets */ = {isa = PBXFileReference; lastKnownFileType = folder.assetcatalog; path = Assets.xcassets; sourceTree = "<group>"; };
		04CC78282B96B150007FD5D1 /* ActivityReport.appex */ = {isa = PBXFileReference; explicitFileType = "wrapper.extensionkit-extension"; includeInIndex = 0; path = ActivityReport.appex; sourceTree = BUILT_PRODUCTS_DIR; };
		04CC78302B96B150007FD5D1 /* Info.plist */ = {isa = PBXFileReference; lastKnownFileType = text.plist.xml; path = Info.plist; sourceTree = "<group>"; };
		04CC78312B96B150007FD5D1 /* Entitlements.entitlements */ = {isa = PBXFileReference; lastKnownFileType = text.plist.entitlements; path = Entitlements.entitlements; sourceTree = "<group>"; };
		04CC78392B96B167007FD5D1 /* DeviceActivity.swift */ = {isa = PBXFileReference; lastKnownFileType = sourcecode.swift; path = DeviceActivity.swift; sourceTree = "<group>"; };
		04CC783C2B98893D007FD5D1 /* Entitlements.entitlements */ = {isa = PBXFileReference; lastKnownFileType = text.plist.entitlements; path = Entitlements.entitlements; sourceTree = "<group>"; };
		04E2EC282E978ED200C262E5 /* Info.plist */ = {isa = PBXFileReference; lastKnownFileType = text.plist.xml; path = Info.plist; sourceTree = "<group>"; };
/* End PBXFileReference section */

/* Begin PBXFileSystemSynchronizedBuildFileExceptionSet section */
		04BB037C2E9A6C1700444C68 /* PBXFileSystemSynchronizedBuildFileExceptionSet */ = {
			isa = PBXFileSystemSynchronizedBuildFileExceptionSet;
			membershipExceptions = (
				Resources/Info.plist,
			);
			target = 04BB036F2E9A6C1600444C68 /* ActivityMonitor */;
		};
		04BB03902E9A6C2400444C68 /* PBXFileSystemSynchronizedBuildFileExceptionSet */ = {
			isa = PBXFileSystemSynchronizedBuildFileExceptionSet;
			membershipExceptions = (
				Resources/Info.plist,
			);
			target = 04BB03842E9A6C2400444C68 /* ShieldHandler */;
		};
		04BB03A42E9A6C2E00444C68 /* PBXFileSystemSynchronizedBuildFileExceptionSet */ = {
			isa = PBXFileSystemSynchronizedBuildFileExceptionSet;
			membershipExceptions = (
				Resources/Info.plist,
			);
			target = 04BB03972E9A6C2E00444C68 /* ShieldConfig */;
		};
		04BB03BB2E9A6ED500444C68 /* PBXFileSystemSynchronizedBuildFileExceptionSet */ = {
			isa = PBXFileSystemSynchronizedBuildFileExceptionSet;
			membershipExceptions = (
				ActivityMonitor.swift,
			);
			target = 04CC78122B96AFED007FD5D1 /* ScreenTime */;
		};
/* End PBXFileSystemSynchronizedBuildFileExceptionSet section */

/* Begin PBXFileSystemSynchronizedRootGroup section */
		04BB03742E9A6C1700444C68 /* ActivityMonitor */ = {isa = PBXFileSystemSynchronizedRootGroup; exceptions = (04BB03BB2E9A6ED500444C68 /* PBXFileSystemSynchronizedBuildFileExceptionSet */, 04BB037C2E9A6C1700444C68 /* PBXFileSystemSynchronizedBuildFileExceptionSet */, ); explicitFileTypes = {}; explicitFolders = (); path = ActivityMonitor; sourceTree = "<group>"; };
		04BB03882E9A6C2400444C68 /* ShieldHandler */ = {isa = PBXFileSystemSynchronizedRootGroup; exceptions = (04BB03902E9A6C2400444C68 /* PBXFileSystemSynchronizedBuildFileExceptionSet */, ); explicitFileTypes = {}; explicitFolders = (); path = ShieldHandler; sourceTree = "<group>"; };
		04BB039C2E9A6C2E00444C68 /* ShieldConfig */ = {isa = PBXFileSystemSynchronizedRootGroup; exceptions = (04BB03A42E9A6C2E00444C68 /* PBXFileSystemSynchronizedBuildFileExceptionSet */, ); explicitFileTypes = {}; explicitFolders = (); path = ShieldConfig; sourceTree = "<group>"; };
/* End PBXFileSystemSynchronizedRootGroup section */

/* Begin PBXFrameworksBuildPhase section */
		04BB036D2E9A6C1600444C68 /* Frameworks */ = {
			isa = PBXFrameworksBuildPhase;
			buildActionMask = 2147483647;
			files = (
			);
			runOnlyForDeploymentPostprocessing = 0;
		};
		04BB03822E9A6C2400444C68 /* Frameworks */ = {
			isa = PBXFrameworksBuildPhase;
			buildActionMask = 2147483647;
			files = (
			);
			runOnlyForDeploymentPostprocessing = 0;
		};
		04BB03952E9A6C2E00444C68 /* Frameworks */ = {
			isa = PBXFrameworksBuildPhase;
			buildActionMask = 2147483647;
			files = (
			);
			runOnlyForDeploymentPostprocessing = 0;
		};
		04CC78102B96AFED007FD5D1 /* Frameworks */ = {
			isa = PBXFrameworksBuildPhase;
			buildActionMask = 2147483647;
			files = (
			);
			runOnlyForDeploymentPostprocessing = 0;
		};
		04CC78252B96B150007FD5D1 /* Frameworks */ = {
			isa = PBXFrameworksBuildPhase;
			buildActionMask = 2147483647;
			files = (
			);
			runOnlyForDeploymentPostprocessing = 0;
		};
/* End PBXFrameworksBuildPhase section */

/* Begin PBXGroup section */
		046203A22C22CDAA00AB6BD9 /* Resources */ = {
			isa = PBXGroup;
			children = (
				0441C9D52EA0421D007B4243 /* ScreenTime.icon */,
				04E2EC282E978ED200C262E5 /* Info.plist */,
				04CC781A2B96AFEE007FD5D1 /* Assets.xcassets */,
				04CC783C2B98893D007FD5D1 /* Entitlements.entitlements */,
			);
			path = Resources;
			sourceTree = "<group>";
		};
		046203A32C22CDB300AB6BD9 /* Resources */ = {
			isa = PBXGroup;
			children = (
				04CC78302B96B150007FD5D1 /* Info.plist */,
				04CC78312B96B150007FD5D1 /* Entitlements.entitlements */,
			);
			path = Resources;
			sourceTree = "<group>";
		};
		046203A42C22CDC200AB6BD9 /* Extensions */ = {
			isa = PBXGroup;
			children = (
				04642B4F2BF3C37A009D0998 /* Array.swift */,
				04BB03C22E9A7EC900444C68 /* Collection.swift */,
				04AB4A172CEAC76000A78463 /* Date.swift */,
				04BB03C82E9A7F8C00444C68 /* Double.swift */,
				04CC78392B96B167007FD5D1 /* DeviceActivity.swift */,
				04AB4A142CEAB26C00A78463 /* Int.swift */,
				04BB03662E9A694C00444C68 /* URL.swift */,
				04AB49D92CEAB14B00A78463 /* UserDefaults.swift */,
			);
			path = Extensions;
			sourceTree = "<group>";
		};
		04BB03CE2E9A811600444C68 /* Models */ = {
			isa = PBXGroup;
			children = (
				04BB03692E9A695100444C68 /* Store.swift */,
				04BB03BC2E9A6FD300444C68 /* ActivityType.swift */,
				04BB03CF2E9A812100444C68 /* Device.swift */,
			);
			path = Models;
			sourceTree = "<group>";
		};
		04CC780A2B96AFED007FD5D1 = {
			isa = PBXGroup;
			children = (
				04CC78152B96AFED007FD5D1 /* ScreenTime */,
				04CC78292B96B150007FD5D1 /* ActivityReport */,
				04BB03742E9A6C1700444C68 /* ActivityMonitor */,
				04BB039C2E9A6C2E00444C68 /* ShieldConfig */,
				04BB03882E9A6C2400444C68 /* ShieldHandler */,
				04CC78142B96AFED007FD5D1 /* Products */,
			);
			sourceTree = "<group>";
		};
		04CC78142B96AFED007FD5D1 /* Products */ = {
			isa = PBXGroup;
			children = (
				04CC78132B96AFED007FD5D1 /* ScreenTime.app */,
				04CC78282B96B150007FD5D1 /* ActivityReport.appex */,
				04BB03702E9A6C1600444C68 /* ActivityMonitor.appex */,
				04BB03852E9A6C2400444C68 /* ShieldHandler.appex */,
				04BB03982E9A6C2E00444C68 /* ShieldConfig.appex */,
			);
			name = Products;
			sourceTree = "<group>";
		};
		04CC78152B96AFED007FD5D1 /* ScreenTime */ = {
			isa = PBXGroup;
			children = (
				046203A42C22CDC200AB6BD9 /* Extensions */,
				046203A22C22CDAA00AB6BD9 /* Resources */,
				04BB03CE2E9A811600444C68 /* Models */,
				04CC78162B96AFED007FD5D1 /* App.swift */,
			);
			path = ScreenTime;
			sourceTree = "<group>";
		};
		04CC78292B96B150007FD5D1 /* ActivityReport */ = {
			isa = PBXGroup;
			children = (
				046203A32C22CDB300AB6BD9 /* Resources */,
				04BFF0252CB13664001E61BF /* ActivityReport.swift */,
			);
			path = ActivityReport;
			sourceTree = "<group>";
		};
/* End PBXGroup section */

/* Begin PBXNativeTarget section */
		04BB036F2E9A6C1600444C68 /* ActivityMonitor */ = {
			isa = PBXNativeTarget;
			buildConfigurationList = 04BB037D2E9A6C1700444C68 /* Build configuration list for PBXNativeTarget "ActivityMonitor" */;
			buildPhases = (
				04BB036C2E9A6C1600444C68 /* Sources */,
				04BB036D2E9A6C1600444C68 /* Frameworks */,
				04BB036E2E9A6C1600444C68 /* Resources */,
			);
			buildRules = (
			);
			dependencies = (
			);
			fileSystemSynchronizedGroups = (
				04BB03742E9A6C1700444C68 /* ActivityMonitor */,
			);
			name = ActivityMonitor;
			packageProductDependencies = (
			);
			productName = ActivityMonitor;
			productReference = 04BB03702E9A6C1600444C68 /* ActivityMonitor.appex */;
			productType = "com.apple.product-type.app-extension";
		};
		04BB03842E9A6C2400444C68 /* ShieldHandler */ = {
			isa = PBXNativeTarget;
			buildConfigurationList = 04BB03912E9A6C2400444C68 /* Build configuration list for PBXNativeTarget "ShieldHandler" */;
			buildPhases = (
				04BB03812E9A6C2400444C68 /* Sources */,
				04BB03822E9A6C2400444C68 /* Frameworks */,
				04BB03832E9A6C2400444C68 /* Resources */,
			);
			buildRules = (
			);
			dependencies = (
			);
			fileSystemSynchronizedGroups = (
				04BB03882E9A6C2400444C68 /* ShieldHandler */,
			);
			name = ShieldHandler;
			packageProductDependencies = (
			);
			productName = ShieldHandler;
			productReference = 04BB03852E9A6C2400444C68 /* ShieldHandler.appex */;
			productType = "com.apple.product-type.app-extension";
		};
		04BB03972E9A6C2E00444C68 /* ShieldConfig */ = {
			isa = PBXNativeTarget;
			buildConfigurationList = 04BB03A52E9A6C2E00444C68 /* Build configuration list for PBXNativeTarget "ShieldConfig" */;
			buildPhases = (
				04BB03942E9A6C2E00444C68 /* Sources */,
				04BB03952E9A6C2E00444C68 /* Frameworks */,
				04BB03962E9A6C2E00444C68 /* Resources */,
			);
			buildRules = (
			);
			dependencies = (
			);
			fileSystemSynchronizedGroups = (
				04BB039C2E9A6C2E00444C68 /* ShieldConfig */,
			);
			name = ShieldConfig;
			packageProductDependencies = (
			);
			productName = ShieldConfig;
			productReference = 04BB03982E9A6C2E00444C68 /* ShieldConfig.appex */;
			productType = "com.apple.product-type.app-extension";
		};
		04CC78122B96AFED007FD5D1 /* ScreenTime */ = {
			isa = PBXNativeTarget;
			buildConfigurationList = 04CC78212B96AFEE007FD5D1 /* Build configuration list for PBXNativeTarget "ScreenTime" */;
			buildPhases = (
				04CC780F2B96AFED007FD5D1 /* Sources */,
				04CC78102B96AFED007FD5D1 /* Frameworks */,
				04CC78112B96AFED007FD5D1 /* Resources */,
				04CC78382B96B151007FD5D1 /* Embed ExtensionKit Extensions */,
				04BB03802E9A6C1700444C68 /* Embed Foundation Extensions */,
			);
			buildRules = (
			);
			dependencies = (
				04CC78332B96B150007FD5D1 /* PBXTargetDependency */,
				04BB037A2E9A6C1700444C68 /* PBXTargetDependency */,
				04BB038E2E9A6C2400444C68 /* PBXTargetDependency */,
				04BB03A22E9A6C2E00444C68 /* PBXTargetDependency */,
			);
			name = ScreenTime;
			productName = ScreenTimeTracker;
			productReference = 04CC78132B96AFED007FD5D1 /* ScreenTime.app */;
			productType = "com.apple.product-type.application";
		};
		04CC78272B96B150007FD5D1 /* ActivityReport */ = {
			isa = PBXNativeTarget;
			buildConfigurationList = 04CC78352B96B151007FD5D1 /* Build configuration list for PBXNativeTarget "ActivityReport" */;
			buildPhases = (
				04CC78242B96B150007FD5D1 /* Sources */,
				04CC78252B96B150007FD5D1 /* Frameworks */,
				04CC78262B96B150007FD5D1 /* Resources */,
			);
			buildRules = (
			);
			dependencies = (
			);
			name = ActivityReport;
			productName = ScreenTimeReport;
			productReference = 04CC78282B96B150007FD5D1 /* ActivityReport.appex */;
			productType = "com.apple.product-type.extensionkit-extension";
		};
/* End PBXNativeTarget section */

/* Begin PBXProject section */
		04CC780B2B96AFED007FD5D1 /* Project object */ = {
			isa = PBXProject;
			attributes = {
				BuildIndependentTargetsInParallel = 1;
				LastSwiftUpdateCheck = 2600;
				LastUpgradeCheck = 2600;
				TargetAttributes = {
					04BB036F2E9A6C1600444C68 = {
						CreatedOnToolsVersion = 26.0.1;
					};
					04BB03842E9A6C2400444C68 = {
						CreatedOnToolsVersion = 26.0.1;
					};
					04BB03972E9A6C2E00444C68 = {
						CreatedOnToolsVersion = 26.0.1;
					};
					04CC78122B96AFED007FD5D1 = {
						CreatedOnToolsVersion = 15.2;
					};
					04CC78272B96B150007FD5D1 = {
						CreatedOnToolsVersion = 15.2;
					};
				};
			};
			buildConfigurationList = 04CC780E2B96AFED007FD5D1 /* Build configuration list for PBXProject "ScreenTime" */;
			compatibilityVersion = "Xcode 14.0";
			developmentRegion = en;
			hasScannedForEncodings = 0;
			knownRegions = (
				en,
				Base,
			);
			mainGroup = 04CC780A2B96AFED007FD5D1;
			productRefGroup = 04CC78142B96AFED007FD5D1 /* Products */;
			projectDirPath = "";
			projectRoot = "";
			targets = (
				04CC78122B96AFED007FD5D1 /* ScreenTime */,
				04CC78272B96B150007FD5D1 /* ActivityReport */,
				04BB036F2E9A6C1600444C68 /* ActivityMonitor */,
				04BB03842E9A6C2400444C68 /* ShieldHandler */,
				04BB03972E9A6C2E00444C68 /* ShieldConfig */,
			);
		};
/* End PBXProject section */

/* Begin PBXResourcesBuildPhase section */
		04BB036E2E9A6C1600444C68 /* Resources */ = {
			isa = PBXResourcesBuildPhase;
			buildActionMask = 2147483647;
			files = (
			);
			runOnlyForDeploymentPostprocessing = 0;
		};
		04BB03832E9A6C2400444C68 /* Resources */ = {
			isa = PBXResourcesBuildPhase;
			buildActionMask = 2147483647;
			files = (
			);
			runOnlyForDeploymentPostprocessing = 0;
		};
		04BB03962E9A6C2E00444C68 /* Resources */ = {
			isa = PBXResourcesBuildPhase;
			buildActionMask = 2147483647;
			files = (
			);
			runOnlyForDeploymentPostprocessing = 0;
		};
		04CC78112B96AFED007FD5D1 /* Resources */ = {
			isa = PBXResourcesBuildPhase;
			buildActionMask = 2147483647;
			files = (
				04CC781B2B96AFEE007FD5D1 /* Assets.xcassets in Resources */,
				0441C9D62EA0421D007B4243 /* ScreenTime.icon in Resources */,
			);
			runOnlyForDeploymentPostprocessing = 0;
		};
		04CC78262B96B150007FD5D1 /* Resources */ = {
			isa = PBXResourcesBuildPhase;
			buildActionMask = 2147483647;
			files = (
			);
			runOnlyForDeploymentPostprocessing = 0;
		};
/* End PBXResourcesBuildPhase section */

/* Begin PBXSourcesBuildPhase section */
		04BB036C2E9A6C1600444C68 /* Sources */ = {
			isa = PBXSourcesBuildPhase;
			buildActionMask = 2147483647;
			files = (
				04BB03BE2E9A70F500444C68 /* ActivityType.swift in Sources */,
				04BB03B42E9A6D4A00444C68 /* UserDefaults.swift in Sources */,
				04BB03AB2E9A6D2B00444C68 /* Date.swift in Sources */,
				04BB03AE2E9A6D3400444C68 /* DeviceActivity.swift in Sources */,
				04BB03B12E9A6D4100444C68 /* Store.swift in Sources */,
				04BB03B72E9A6D5600444C68 /* URL.swift in Sources */,
				04BB03CB2E9A7F8F00444C68 /* Double.swift in Sources */,
				04BB03C72E9A7EC900444C68 /* Collection.swift in Sources */,
			);
			runOnlyForDeploymentPostprocessing = 0;
		};
		04BB03812E9A6C2400444C68 /* Sources */ = {
			isa = PBXSourcesBuildPhase;
			buildActionMask = 2147483647;
			files = (
				04BB03BF2E9A70F500444C68 /* ActivityType.swift in Sources */,
				04BB03B52E9A6D4A00444C68 /* UserDefaults.swift in Sources */,
				04BB03AC2E9A6D2B00444C68 /* Date.swift in Sources */,
				04BB03AF2E9A6D3400444C68 /* DeviceActivity.swift in Sources */,
				04BB03B22E9A6D4100444C68 /* Store.swift in Sources */,
				04BB03B82E9A6D5600444C68 /* URL.swift in Sources */,
				04BB03C92E9A7F8F00444C68 /* Double.swift in Sources */,
				04BB03C32E9A7EC900444C68 /* Collection.swift in Sources */,
			);
			runOnlyForDeploymentPostprocessing = 0;
		};
		04BB03942E9A6C2E00444C68 /* Sources */ = {
			isa = PBXSourcesBuildPhase;
			buildActionMask = 2147483647;
			files = (
				04BB03C02E9A70F500444C68 /* ActivityType.swift in Sources */,
				04BB03B62E9A6D4A00444C68 /* UserDefaults.swift in Sources */,
				04BB03AD2E9A6D2B00444C68 /* Date.swift in Sources */,
				04BB03B02E9A6D3400444C68 /* DeviceActivity.swift in Sources */,
				04BB03B32E9A6D4100444C68 /* Store.swift in Sources */,
				04BB03B92E9A6D5600444C68 /* URL.swift in Sources */,
				04BB03CA2E9A7F8F00444C68 /* Double.swift in Sources */,
				04BB03C62E9A7EC900444C68 /* Collection.swift in Sources */,
			);
			runOnlyForDeploymentPostprocessing = 0;
		};
		04CC780F2B96AFED007FD5D1 /* Sources */ = {
			isa = PBXSourcesBuildPhase;
			buildActionMask = 2147483647;
			files = (
				04BB03D02E9A812100444C68 /* Device.swift in Sources */,
				04AB49DA2CEAB14D00A78463 /* UserDefaults.swift in Sources */,
				04AB4A182CEAC76100A78463 /* Date.swift in Sources */,
				04BB036B2E9A695100444C68 /* Store.swift in Sources */,
				04642B452BF3ACA4009D0998 /* DeviceActivity.swift in Sources */,
				04AB4A152CEAB26D00A78463 /* Int.swift in Sources */,
				04BB03BD2E9A6FD500444C68 /* ActivityType.swift in Sources */,
				04BB03C52E9A7EC900444C68 /* Collection.swift in Sources */,
				04CC78172B96AFED007FD5D1 /* App.swift in Sources */,
				04642B502BF3C37A009D0998 /* Array.swift in Sources */,
				04BB03CD2E9A7F8F00444C68 /* Double.swift in Sources */,
				04BB03682E9A694C00444C68 /* URL.swift in Sources */,
			);
			runOnlyForDeploymentPostprocessing = 0;
		};
		04CC78242B96B150007FD5D1 /* Sources */ = {
			isa = PBXSourcesBuildPhase;
			buildActionMask = 2147483647;
			files = (
				04AB49DB2CEAB14D00A78463 /* UserDefaults.swift in Sources */,
				04BB03C42E9A7EC900444C68 /* Collection.swift in Sources */,
				04AB4A192CEAC76100A78463 /* Date.swift in Sources */,
				04BB036A2E9A695100444C68 /* Store.swift in Sources */,
				04642B3D2BF3AB68009D0998 /* DeviceActivity.swift in Sources */,
				04AB4A162CEAB26D00A78463 /* Int.swift in Sources */,
				04BFF0262CB13664001E61BF /* ActivityReport.swift in Sources */,
				04642B512BF3C389009D0998 /* Array.swift in Sources */,
				04BB03C12E9A70F800444C68 /* ActivityType.swift in Sources */,
				04BB03CC2E9A7F8F00444C68 /* Double.swift in Sources */,
				04BB03672E9A694C00444C68 /* URL.swift in Sources */,
			);
			runOnlyForDeploymentPostprocessing = 0;
		};
/* End PBXSourcesBuildPhase section */

/* Begin PBXTargetDependency section */
		04BB037A2E9A6C1700444C68 /* PBXTargetDependency */ = {
			isa = PBXTargetDependency;
			target = 04BB036F2E9A6C1600444C68 /* ActivityMonitor */;
			targetProxy = 04BB03792E9A6C1700444C68 /* PBXContainerItemProxy */;
		};
		04BB038E2E9A6C2400444C68 /* PBXTargetDependency */ = {
			isa = PBXTargetDependency;
			target = 04BB03842E9A6C2400444C68 /* ShieldHandler */;
			targetProxy = 04BB038D2E9A6C2400444C68 /* PBXContainerItemProxy */;
		};
		04BB03A22E9A6C2E00444C68 /* PBXTargetDependency */ = {
			isa = PBXTargetDependency;
			target = 04BB03972E9A6C2E00444C68 /* ShieldConfig */;
			targetProxy = 04BB03A12E9A6C2E00444C68 /* PBXContainerItemProxy */;
		};
		04CC78332B96B150007FD5D1 /* PBXTargetDependency */ = {
			isa = PBXTargetDependency;
			target = 04CC78272B96B150007FD5D1 /* ActivityReport */;
			targetProxy = 04CC78322B96B150007FD5D1 /* PBXContainerItemProxy */;
		};
/* End PBXTargetDependency section */

/* Begin XCBuildConfiguration section */
		04BB037E2E9A6C1700444C68 /* Debug */ = {
			isa = XCBuildConfiguration;
			buildSettings = {
				CODE_SIGN_ENTITLEMENTS = ActivityMonitor/Resources/Entitlements.entitlements;
				CODE_SIGN_STYLE = Automatic;
				CURRENT_PROJECT_VERSION = 1;
				GENERATE_INFOPLIST_FILE = YES;
				INFOPLIST_FILE = ActivityMonitor/Resources/Info.plist;
				INFOPLIST_KEY_CFBundleDisplayName = ActivityMonitor;
				INFOPLIST_KEY_NSHumanReadableCopyright = "";
				IPHONEOS_DEPLOYMENT_TARGET = 26.0;
				LD_RUNPATH_SEARCH_PATHS = (
					"$(inherited)",
					"@executable_path/Frameworks",
					"@executable_path/../../Frameworks",
				);
				MARKETING_VERSION = 2.1;
				PRODUCT_BUNDLE_IDENTIFIER = com.jackfinnis.ScreenTimeTracker.ActivityMonitor;
				PRODUCT_NAME = "$(TARGET_NAME)";
				SKIP_INSTALL = YES;
				STRING_CATALOG_GENERATE_SYMBOLS = YES;
				SWIFT_APPROACHABLE_CONCURRENCY = YES;
				SWIFT_EMIT_LOC_STRINGS = YES;
				SWIFT_UPCOMING_FEATURE_MEMBER_IMPORT_VISIBILITY = YES;
				SWIFT_VERSION = 5.0;
				TARGETED_DEVICE_FAMILY = "1,2";
			};
			name = Debug;
		};
		04BB037F2E9A6C1700444C68 /* Release */ = {
			isa = XCBuildConfiguration;
			buildSettings = {
				CODE_SIGN_ENTITLEMENTS = ActivityMonitor/Resources/Entitlements.entitlements;
				CODE_SIGN_STYLE = Automatic;
				CURRENT_PROJECT_VERSION = 1;
				GENERATE_INFOPLIST_FILE = YES;
				INFOPLIST_FILE = ActivityMonitor/Resources/Info.plist;
				INFOPLIST_KEY_CFBundleDisplayName = ActivityMonitor;
				INFOPLIST_KEY_NSHumanReadableCopyright = "";
				IPHONEOS_DEPLOYMENT_TARGET = 26.0;
				LD_RUNPATH_SEARCH_PATHS = (
					"$(inherited)",
					"@executable_path/Frameworks",
					"@executable_path/../../Frameworks",
				);
				MARKETING_VERSION = 2.1;
				PRODUCT_BUNDLE_IDENTIFIER = com.jackfinnis.ScreenTimeTracker.ActivityMonitor;
				PRODUCT_NAME = "$(TARGET_NAME)";
				SKIP_INSTALL = YES;
				STRING_CATALOG_GENERATE_SYMBOLS = YES;
				SWIFT_APPROACHABLE_CONCURRENCY = YES;
				SWIFT_EMIT_LOC_STRINGS = YES;
				SWIFT_UPCOMING_FEATURE_MEMBER_IMPORT_VISIBILITY = YES;
				SWIFT_VERSION = 5.0;
				TARGETED_DEVICE_FAMILY = "1,2";
			};
			name = Release;
		};
		04BB03922E9A6C2400444C68 /* Debug */ = {
			isa = XCBuildConfiguration;
			buildSettings = {
				CODE_SIGN_ENTITLEMENTS = ShieldHandler/Resources/Entitlements.entitlements;
				CODE_SIGN_STYLE = Automatic;
				CURRENT_PROJECT_VERSION = 1;
				GENERATE_INFOPLIST_FILE = YES;
				INFOPLIST_FILE = ShieldHandler/Resources/Info.plist;
				INFOPLIST_KEY_CFBundleDisplayName = ShieldHandler;
				INFOPLIST_KEY_NSHumanReadableCopyright = "";
				IPHONEOS_DEPLOYMENT_TARGET = 26.0;
				LD_RUNPATH_SEARCH_PATHS = (
					"$(inherited)",
					"@executable_path/Frameworks",
					"@executable_path/../../Frameworks",
				);
				MARKETING_VERSION = 2.1;
				PRODUCT_BUNDLE_IDENTIFIER = com.jackfinnis.ScreenTimeTracker.ShieldHandler;
				PRODUCT_NAME = "$(TARGET_NAME)";
				SKIP_INSTALL = YES;
				STRING_CATALOG_GENERATE_SYMBOLS = YES;
				SWIFT_APPROACHABLE_CONCURRENCY = YES;
				SWIFT_EMIT_LOC_STRINGS = YES;
				SWIFT_UPCOMING_FEATURE_MEMBER_IMPORT_VISIBILITY = YES;
				SWIFT_VERSION = 5.0;
				TARGETED_DEVICE_FAMILY = "1,2";
			};
			name = Debug;
		};
		04BB03932E9A6C2400444C68 /* Release */ = {
			isa = XCBuildConfiguration;
			buildSettings = {
				CODE_SIGN_ENTITLEMENTS = ShieldHandler/Resources/Entitlements.entitlements;
				CODE_SIGN_STYLE = Automatic;
				CURRENT_PROJECT_VERSION = 1;
				GENERATE_INFOPLIST_FILE = YES;
				INFOPLIST_FILE = ShieldHandler/Resources/Info.plist;
				INFOPLIST_KEY_CFBundleDisplayName = ShieldHandler;
				INFOPLIST_KEY_NSHumanReadableCopyright = "";
				IPHONEOS_DEPLOYMENT_TARGET = 26.0;
				LD_RUNPATH_SEARCH_PATHS = (
					"$(inherited)",
					"@executable_path/Frameworks",
					"@executable_path/../../Frameworks",
				);
				MARKETING_VERSION = 2.1;
				PRODUCT_BUNDLE_IDENTIFIER = com.jackfinnis.ScreenTimeTracker.ShieldHandler;
				PRODUCT_NAME = "$(TARGET_NAME)";
				SKIP_INSTALL = YES;
				STRING_CATALOG_GENERATE_SYMBOLS = YES;
				SWIFT_APPROACHABLE_CONCURRENCY = YES;
				SWIFT_EMIT_LOC_STRINGS = YES;
				SWIFT_UPCOMING_FEATURE_MEMBER_IMPORT_VISIBILITY = YES;
				SWIFT_VERSION = 5.0;
				TARGETED_DEVICE_FAMILY = "1,2";
			};
			name = Release;
		};
		04BB03A62E9A6C2E00444C68 /* Debug */ = {
			isa = XCBuildConfiguration;
			buildSettings = {
				CODE_SIGN_ENTITLEMENTS = ShieldConfig/Resources/Entitlements.entitlements;
				CODE_SIGN_STYLE = Automatic;
				CURRENT_PROJECT_VERSION = 1;
				DEVELOPMENT_TEAM = 4CQW4CFFYT;
				GENERATE_INFOPLIST_FILE = YES;
				INFOPLIST_FILE = ShieldConfig/Resources/Info.plist;
				INFOPLIST_KEY_CFBundleDisplayName = ShieldConfig;
				INFOPLIST_KEY_NSHumanReadableCopyright = "";
				IPHONEOS_DEPLOYMENT_TARGET = 26.0;
				LD_RUNPATH_SEARCH_PATHS = (
					"$(inherited)",
					"@executable_path/Frameworks",
					"@executable_path/../../Frameworks",
				);
				MARKETING_VERSION = 2.1;
				PRODUCT_BUNDLE_IDENTIFIER = com.jackfinnis.ScreenTimeTracker.ShieldConfig;
				PRODUCT_NAME = "$(TARGET_NAME)";
				SKIP_INSTALL = YES;
				STRING_CATALOG_GENERATE_SYMBOLS = YES;
				SWIFT_APPROACHABLE_CONCURRENCY = YES;
				SWIFT_EMIT_LOC_STRINGS = YES;
				SWIFT_UPCOMING_FEATURE_MEMBER_IMPORT_VISIBILITY = YES;
				SWIFT_VERSION = 5.0;
				TARGETED_DEVICE_FAMILY = "1,2";
			};
			name = Debug;
		};
		04BB03A72E9A6C2E00444C68 /* Release */ = {
			isa = XCBuildConfiguration;
			buildSettings = {
				CODE_SIGN_ENTITLEMENTS = ShieldConfig/Resources/Entitlements.entitlements;
				CODE_SIGN_STYLE = Automatic;
				CURRENT_PROJECT_VERSION = 1;
				DEVELOPMENT_TEAM = 4CQW4CFFYT;
				GENERATE_INFOPLIST_FILE = YES;
				INFOPLIST_FILE = ShieldConfig/Resources/Info.plist;
				INFOPLIST_KEY_CFBundleDisplayName = ShieldConfig;
				INFOPLIST_KEY_NSHumanReadableCopyright = "";
				IPHONEOS_DEPLOYMENT_TARGET = 26.0;
				LD_RUNPATH_SEARCH_PATHS = (
					"$(inherited)",
					"@executable_path/Frameworks",
					"@executable_path/../../Frameworks",
				);
				MARKETING_VERSION = 2.1;
				PRODUCT_BUNDLE_IDENTIFIER = com.jackfinnis.ScreenTimeTracker.ShieldConfig;
				PRODUCT_NAME = "$(TARGET_NAME)";
				SKIP_INSTALL = YES;
				STRING_CATALOG_GENERATE_SYMBOLS = YES;
				SWIFT_APPROACHABLE_CONCURRENCY = YES;
				SWIFT_EMIT_LOC_STRINGS = YES;
				SWIFT_UPCOMING_FEATURE_MEMBER_IMPORT_VISIBILITY = YES;
				SWIFT_VERSION = 5.0;
				TARGETED_DEVICE_FAMILY = "1,2";
			};
			name = Release;
		};
		04CC781F2B96AFEE007FD5D1 /* Debug */ = {
			isa = XCBuildConfiguration;
			buildSettings = {
				ALWAYS_SEARCH_USER_PATHS = NO;
				ASSETCATALOG_COMPILER_GENERATE_SWIFT_ASSET_SYMBOL_EXTENSIONS = YES;
				CLANG_ANALYZER_NONNULL = YES;
				CLANG_ANALYZER_NUMBER_OBJECT_CONVERSION = YES_AGGRESSIVE;
				CLANG_CXX_LANGUAGE_STANDARD = "gnu++20";
				CLANG_ENABLE_MODULES = YES;
				CLANG_ENABLE_OBJC_ARC = YES;
				CLANG_ENABLE_OBJC_WEAK = YES;
				CLANG_WARN_BLOCK_CAPTURE_AUTORELEASING = YES;
				CLANG_WARN_BOOL_CONVERSION = YES;
				CLANG_WARN_COMMA = YES;
				CLANG_WARN_CONSTANT_CONVERSION = YES;
				CLANG_WARN_DEPRECATED_OBJC_IMPLEMENTATIONS = YES;
				CLANG_WARN_DIRECT_OBJC_ISA_USAGE = YES_ERROR;
				CLANG_WARN_DOCUMENTATION_COMMENTS = YES;
				CLANG_WARN_EMPTY_BODY = YES;
				CLANG_WARN_ENUM_CONVERSION = YES;
				CLANG_WARN_INFINITE_RECURSION = YES;
				CLANG_WARN_INT_CONVERSION = YES;
				CLANG_WARN_NON_LITERAL_NULL_CONVERSION = YES;
				CLANG_WARN_OBJC_IMPLICIT_RETAIN_SELF = YES;
				CLANG_WARN_OBJC_LITERAL_CONVERSION = YES;
				CLANG_WARN_OBJC_ROOT_CLASS = YES_ERROR;
				CLANG_WARN_QUOTED_INCLUDE_IN_FRAMEWORK_HEADER = YES;
				CLANG_WARN_RANGE_LOOP_ANALYSIS = YES;
				CLANG_WARN_STRICT_PROTOTYPES = YES;
				CLANG_WARN_SUSPICIOUS_MOVE = YES;
				CLANG_WARN_UNGUARDED_AVAILABILITY = YES_AGGRESSIVE;
				CLANG_WARN_UNREACHABLE_CODE = YES;
				CLANG_WARN__DUPLICATE_METHOD_MATCH = YES;
				COPY_PHASE_STRIP = NO;
				DEBUG_INFORMATION_FORMAT = dwarf;
				DEVELOPMENT_TEAM = 4CQW4CFFYT;
				ENABLE_STRICT_OBJC_MSGSEND = YES;
				ENABLE_TESTABILITY = YES;
				ENABLE_USER_SCRIPT_SANDBOXING = YES;
				GCC_C_LANGUAGE_STANDARD = gnu17;
				GCC_DYNAMIC_NO_PIC = NO;
				GCC_NO_COMMON_BLOCKS = YES;
				GCC_OPTIMIZATION_LEVEL = 0;
				GCC_PREPROCESSOR_DEFINITIONS = (
					"DEBUG=1",
					"$(inherited)",
				);
				GCC_WARN_64_TO_32_BIT_CONVERSION = YES;
				GCC_WARN_ABOUT_RETURN_TYPE = YES_ERROR;
				GCC_WARN_UNDECLARED_SELECTOR = YES;
				GCC_WARN_UNINITIALIZED_AUTOS = YES_AGGRESSIVE;
				GCC_WARN_UNUSED_FUNCTION = YES;
				GCC_WARN_UNUSED_VARIABLE = YES;
				IPHONEOS_DEPLOYMENT_TARGET = 17.2;
				LOCALIZATION_PREFERS_STRING_CATALOGS = YES;
				MTL_ENABLE_DEBUG_INFO = INCLUDE_SOURCE;
				MTL_FAST_MATH = YES;
				ONLY_ACTIVE_ARCH = YES;
				SDKROOT = iphoneos;
				STRING_CATALOG_GENERATE_SYMBOLS = YES;
				SWIFT_ACTIVE_COMPILATION_CONDITIONS = "DEBUG $(inherited)";
				SWIFT_OPTIMIZATION_LEVEL = "-Onone";
			};
			name = Debug;
		};
		04CC78202B96AFEE007FD5D1 /* Release */ = {
			isa = XCBuildConfiguration;
			buildSettings = {
				ALWAYS_SEARCH_USER_PATHS = NO;
				ASSETCATALOG_COMPILER_GENERATE_SWIFT_ASSET_SYMBOL_EXTENSIONS = YES;
				CLANG_ANALYZER_NONNULL = YES;
				CLANG_ANALYZER_NUMBER_OBJECT_CONVERSION = YES_AGGRESSIVE;
				CLANG_CXX_LANGUAGE_STANDARD = "gnu++20";
				CLANG_ENABLE_MODULES = YES;
				CLANG_ENABLE_OBJC_ARC = YES;
				CLANG_ENABLE_OBJC_WEAK = YES;
				CLANG_WARN_BLOCK_CAPTURE_AUTORELEASING = YES;
				CLANG_WARN_BOOL_CONVERSION = YES;
				CLANG_WARN_COMMA = YES;
				CLANG_WARN_CONSTANT_CONVERSION = YES;
				CLANG_WARN_DEPRECATED_OBJC_IMPLEMENTATIONS = YES;
				CLANG_WARN_DIRECT_OBJC_ISA_USAGE = YES_ERROR;
				CLANG_WARN_DOCUMENTATION_COMMENTS = YES;
				CLANG_WARN_EMPTY_BODY = YES;
				CLANG_WARN_ENUM_CONVERSION = YES;
				CLANG_WARN_INFINITE_RECURSION = YES;
				CLANG_WARN_INT_CONVERSION = YES;
				CLANG_WARN_NON_LITERAL_NULL_CONVERSION = YES;
				CLANG_WARN_OBJC_IMPLICIT_RETAIN_SELF = YES;
				CLANG_WARN_OBJC_LITERAL_CONVERSION = YES;
				CLANG_WARN_OBJC_ROOT_CLASS = YES_ERROR;
				CLANG_WARN_QUOTED_INCLUDE_IN_FRAMEWORK_HEADER = YES;
				CLANG_WARN_RANGE_LOOP_ANALYSIS = YES;
				CLANG_WARN_STRICT_PROTOTYPES = YES;
				CLANG_WARN_SUSPICIOUS_MOVE = YES;
				CLANG_WARN_UNGUARDED_AVAILABILITY = YES_AGGRESSIVE;
				CLANG_WARN_UNREACHABLE_CODE = YES;
				CLANG_WARN__DUPLICATE_METHOD_MATCH = YES;
				COPY_PHASE_STRIP = NO;
				DEBUG_INFORMATION_FORMAT = "dwarf-with-dsym";
				DEVELOPMENT_TEAM = 4CQW4CFFYT;
				ENABLE_NS_ASSERTIONS = NO;
				ENABLE_STRICT_OBJC_MSGSEND = YES;
				ENABLE_USER_SCRIPT_SANDBOXING = YES;
				GCC_C_LANGUAGE_STANDARD = gnu17;
				GCC_NO_COMMON_BLOCKS = YES;
				GCC_WARN_64_TO_32_BIT_CONVERSION = YES;
				GCC_WARN_ABOUT_RETURN_TYPE = YES_ERROR;
				GCC_WARN_UNDECLARED_SELECTOR = YES;
				GCC_WARN_UNINITIALIZED_AUTOS = YES_AGGRESSIVE;
				GCC_WARN_UNUSED_FUNCTION = YES;
				GCC_WARN_UNUSED_VARIABLE = YES;
				IPHONEOS_DEPLOYMENT_TARGET = 17.2;
				LOCALIZATION_PREFERS_STRING_CATALOGS = YES;
				MTL_ENABLE_DEBUG_INFO = NO;
				MTL_FAST_MATH = YES;
				SDKROOT = iphoneos;
				STRING_CATALOG_GENERATE_SYMBOLS = YES;
				SWIFT_COMPILATION_MODE = wholemodule;
				VALIDATE_PRODUCT = YES;
			};
			name = Release;
		};
		04CC78222B96AFEE007FD5D1 /* Debug */ = {
			isa = XCBuildConfiguration;
			buildSettings = {
				ASSETCATALOG_COMPILER_APPICON_NAME = ScreenTime;
				ASSETCATALOG_COMPILER_GLOBAL_ACCENT_COLOR_NAME = AccentColor;
				CODE_SIGN_ENTITLEMENTS = ScreenTime/Resources/Entitlements.entitlements;
				CODE_SIGN_STYLE = Automatic;
				CURRENT_PROJECT_VERSION = 1;
				DEVELOPMENT_ASSET_PATHS = "";
				ENABLE_PREVIEWS = YES;
				GENERATE_INFOPLIST_FILE = YES;
				INFOPLIST_FILE = ScreenTime/Resources/Info.plist;
				INFOPLIST_KEY_CFBundleDisplayName = "Screen Time";
				INFOPLIST_KEY_LSApplicationCategoryType = "public.app-category.utilities";
				INFOPLIST_KEY_UIApplicationSceneManifest_Generation = YES;
				INFOPLIST_KEY_UIApplicationSupportsIndirectInputEvents = YES;
				INFOPLIST_KEY_UILaunchScreen_Generation = YES;
				INFOPLIST_KEY_UISupportedInterfaceOrientations = "UIInterfaceOrientationLandscapeLeft UIInterfaceOrientationLandscapeRight UIInterfaceOrientationPortrait";
				INFOPLIST_KEY_UISupportedInterfaceOrientations_iPad = "UIInterfaceOrientationLandscapeLeft UIInterfaceOrientationLandscapeRight UIInterfaceOrientationPortrait UIInterfaceOrientationPortraitUpsideDown";
				IPHONEOS_DEPLOYMENT_TARGET = 26.0;
				LD_RUNPATH_SEARCH_PATHS = (
					"$(inherited)",
					"@executable_path/Frameworks",
				);
				MARKETING_VERSION = 2.1;
				PRODUCT_BUNDLE_IDENTIFIER = com.jackfinnis.ScreenTimeTracker;
				PRODUCT_NAME = "$(TARGET_NAME)";
				SUPPORTED_PLATFORMS = "iphoneos iphonesimulator";
				SUPPORTS_MACCATALYST = NO;
				SUPPORTS_MAC_DESIGNED_FOR_IPHONE_IPAD = YES;
				SUPPORTS_XR_DESIGNED_FOR_IPHONE_IPAD = YES;
				SWIFT_EMIT_LOC_STRINGS = YES;
				SWIFT_VERSION = 6.0;
				TARGETED_DEVICE_FAMILY = "1,2";
			};
			name = Debug;
		};
		04CC78232B96AFEE007FD5D1 /* Release */ = {
			isa = XCBuildConfiguration;
			buildSettings = {
				ASSETCATALOG_COMPILER_APPICON_NAME = ScreenTime;
				ASSETCATALOG_COMPILER_GLOBAL_ACCENT_COLOR_NAME = AccentColor;
				CODE_SIGN_ENTITLEMENTS = ScreenTime/Resources/Entitlements.entitlements;
				CODE_SIGN_STYLE = Automatic;
				CURRENT_PROJECT_VERSION = 1;
				DEVELOPMENT_ASSET_PATHS = "";
				ENABLE_PREVIEWS = YES;
				GENERATE_INFOPLIST_FILE = YES;
				INFOPLIST_FILE = ScreenTime/Resources/Info.plist;
				INFOPLIST_KEY_CFBundleDisplayName = "Screen Time";
				INFOPLIST_KEY_LSApplicationCategoryType = "public.app-category.utilities";
				INFOPLIST_KEY_UIApplicationSceneManifest_Generation = YES;
				INFOPLIST_KEY_UIApplicationSupportsIndirectInputEvents = YES;
				INFOPLIST_KEY_UILaunchScreen_Generation = YES;
				INFOPLIST_KEY_UISupportedInterfaceOrientations = "UIInterfaceOrientationLandscapeLeft UIInterfaceOrientationLandscapeRight UIInterfaceOrientationPortrait";
				INFOPLIST_KEY_UISupportedInterfaceOrientations_iPad = "UIInterfaceOrientationLandscapeLeft UIInterfaceOrientationLandscapeRight UIInterfaceOrientationPortrait UIInterfaceOrientationPortraitUpsideDown";
				IPHONEOS_DEPLOYMENT_TARGET = 26.0;
				LD_RUNPATH_SEARCH_PATHS = (
					"$(inherited)",
					"@executable_path/Frameworks",
				);
				MARKETING_VERSION = 2.1;
				PRODUCT_BUNDLE_IDENTIFIER = com.jackfinnis.ScreenTimeTracker;
				PRODUCT_NAME = "$(TARGET_NAME)";
				SUPPORTED_PLATFORMS = "iphoneos iphonesimulator";
				SUPPORTS_MACCATALYST = NO;
				SUPPORTS_MAC_DESIGNED_FOR_IPHONE_IPAD = YES;
				SUPPORTS_XR_DESIGNED_FOR_IPHONE_IPAD = YES;
				SWIFT_EMIT_LOC_STRINGS = YES;
				SWIFT_VERSION = 6.0;
				TARGETED_DEVICE_FAMILY = "1,2";
			};
			name = Release;
		};
		04CC78362B96B151007FD5D1 /* Debug */ = {
			isa = XCBuildConfiguration;
			buildSettings = {
				CODE_SIGN_ENTITLEMENTS = ActivityReport/Resources/Entitlements.entitlements;
				CODE_SIGN_STYLE = Automatic;
				CURRENT_PROJECT_VERSION = 1;
				GENERATE_INFOPLIST_FILE = YES;
				INFOPLIST_FILE = ActivityReport/Resources/Info.plist;
				INFOPLIST_KEY_CFBundleDisplayName = ScreenTimeReport;
				INFOPLIST_KEY_NSHumanReadableCopyright = "";
				IPHONEOS_DEPLOYMENT_TARGET = 26.0;
				LD_RUNPATH_SEARCH_PATHS = (
					"$(inherited)",
					"@executable_path/Frameworks",
					"@executable_path/../../Frameworks",
				);
				MARKETING_VERSION = 2.1;
				PRODUCT_BUNDLE_IDENTIFIER = com.jackfinnis.ScreenTimeTracker.ScreenTimeReport;
				PRODUCT_NAME = "$(TARGET_NAME)";
				SKIP_INSTALL = YES;
				SUPPORTED_PLATFORMS = "iphoneos iphonesimulator";
				SUPPORTS_MACCATALYST = NO;
				SUPPORTS_MAC_DESIGNED_FOR_IPHONE_IPAD = NO;
				SUPPORTS_XR_DESIGNED_FOR_IPHONE_IPAD = NO;
				SWIFT_EMIT_LOC_STRINGS = YES;
				SWIFT_VERSION = 5.0;
				TARGETED_DEVICE_FAMILY = 1;
			};
			name = Debug;
		};
		04CC78372B96B151007FD5D1 /* Release */ = {
			isa = XCBuildConfiguration;
			buildSettings = {
				CODE_SIGN_ENTITLEMENTS = ActivityReport/Resources/Entitlements.entitlements;
				CODE_SIGN_STYLE = Automatic;
				CURRENT_PROJECT_VERSION = 1;
				GENERATE_INFOPLIST_FILE = YES;
				INFOPLIST_FILE = ActivityReport/Resources/Info.plist;
				INFOPLIST_KEY_CFBundleDisplayName = ScreenTimeReport;
				INFOPLIST_KEY_NSHumanReadableCopyright = "";
				IPHONEOS_DEPLOYMENT_TARGET = 26.0;
				LD_RUNPATH_SEARCH_PATHS = (
					"$(inherited)",
					"@executable_path/Frameworks",
					"@executable_path/../../Frameworks",
				);
				MARKETING_VERSION = 2.1;
				PRODUCT_BUNDLE_IDENTIFIER = com.jackfinnis.ScreenTimeTracker.ScreenTimeReport;
				PRODUCT_NAME = "$(TARGET_NAME)";
				SKIP_INSTALL = YES;
				SUPPORTED_PLATFORMS = "iphoneos iphonesimulator";
				SUPPORTS_MACCATALYST = NO;
				SUPPORTS_MAC_DESIGNED_FOR_IPHONE_IPAD = NO;
				SUPPORTS_XR_DESIGNED_FOR_IPHONE_IPAD = NO;
				SWIFT_EMIT_LOC_STRINGS = YES;
				SWIFT_VERSION = 5.0;
				TARGETED_DEVICE_FAMILY = 1;
			};
			name = Release;
		};
/* End XCBuildConfiguration section */

/* Begin XCConfigurationList section */
		04BB037D2E9A6C1700444C68 /* Build configuration list for PBXNativeTarget "ActivityMonitor" */ = {
			isa = XCConfigurationList;
			buildConfigurations = (
				04BB037E2E9A6C1700444C68 /* Debug */,
				04BB037F2E9A6C1700444C68 /* Release */,
			);
			defaultConfigurationIsVisible = 0;
			defaultConfigurationName = Release;
		};
		04BB03912E9A6C2400444C68 /* Build configuration list for PBXNativeTarget "ShieldHandler" */ = {
			isa = XCConfigurationList;
			buildConfigurations = (
				04BB03922E9A6C2400444C68 /* Debug */,
				04BB03932E9A6C2400444C68 /* Release */,
			);
			defaultConfigurationIsVisible = 0;
			defaultConfigurationName = Release;
		};
		04BB03A52E9A6C2E00444C68 /* Build configuration list for PBXNativeTarget "ShieldConfig" */ = {
			isa = XCConfigurationList;
			buildConfigurations = (
				04BB03A62E9A6C2E00444C68 /* Debug */,
				04BB03A72E9A6C2E00444C68 /* Release */,
			);
			defaultConfigurationIsVisible = 0;
			defaultConfigurationName = Release;
		};
		04CC780E2B96AFED007FD5D1 /* Build configuration list for PBXProject "ScreenTime" */ = {
			isa = XCConfigurationList;
			buildConfigurations = (
				04CC781F2B96AFEE007FD5D1 /* Debug */,
				04CC78202B96AFEE007FD5D1 /* Release */,
			);
			defaultConfigurationIsVisible = 0;
			defaultConfigurationName = Release;
		};
		04CC78212B96AFEE007FD5D1 /* Build configuration list for PBXNativeTarget "ScreenTime" */ = {
			isa = XCConfigurationList;
			buildConfigurations = (
				04CC78222B96AFEE007FD5D1 /* Debug */,
				04CC78232B96AFEE007FD5D1 /* Release */,
			);
			defaultConfigurationIsVisible = 0;
			defaultConfigurationName = Release;
		};
		04CC78352B96B151007FD5D1 /* Build configuration list for PBXNativeTarget "ActivityReport" */ = {
			isa = XCConfigurationList;
			buildConfigurations = (
				04CC78362B96B151007FD5D1 /* Debug */,
				04CC78372B96B151007FD5D1 /* Release */,
			);
			defaultConfigurationIsVisible = 0;
			defaultConfigurationName = Release;
		};
/* End XCConfigurationList section */
	};
	rootObject = 04CC780B2B96AFED007FD5D1 /* Project object */;
}
