// !$*UTF8*$!
{
	archiveVersion = 1;
	classes = {
	};
	objectVersion = 56;
	objects = {

/* Begin PBXBuildFile section */
		04642B3D2BF3AB68009D0998 /* DeviceActivityReport.swift in Sources */ = {isa = PBXBuildFile; fileRef = 04CC78392B96B167007FD5D1 /* DeviceActivityReport.swift */; };
		04642B452BF3ACA4009D0998 /* DeviceActivityReport.swift in Sources */ = {isa = PBXBuildFile; fileRef = 04CC78392B96B167007FD5D1 /* DeviceActivityReport.swift */; };
		04642B502BF3C37A009D0998 /* Array.swift in Sources */ = {isa = PBXBuildFile; fileRef = 04642B4F2BF3C37A009D0998 /* Array.swift */; };
		04642B512BF3C389009D0998 /* Array.swift in Sources */ = {isa = PBXBuildFile; fileRef = 04642B4F2BF3C37A009D0998 /* Array.swift */; };
		04AB49DA2CEAB14D00A78463 /* UserDefaults.swift in Sources */ = {isa = PBXBuildFile; fileRef = 04AB49D92CEAB14B00A78463 /* UserDefaults.swift */; };
		04AB49DB2CEAB14D00A78463 /* UserDefaults.swift in Sources */ = {isa = PBXBuildFile; fileRef = 04AB49D92CEAB14B00A78463 /* UserDefaults.swift */; };
		04AB4A122CEAB18500A78463 /* AppState.swift in Sources */ = {isa = PBXBuildFile; fileRef = 04AB4A112CEAB18500A78463 /* AppState.swift */; };
		04AB4A132CEAB18500A78463 /* AppState.swift in Sources */ = {isa = PBXBuildFile; fileRef = 04AB4A112CEAB18500A78463 /* AppState.swift */; };
		04AB4A152CEAB26D00A78463 /* Int.swift in Sources */ = {isa = PBXBuildFile; fileRef = 04AB4A142CEAB26C00A78463 /* Int.swift */; };
		04AB4A162CEAB26D00A78463 /* Int.swift in Sources */ = {isa = PBXBuildFile; fileRef = 04AB4A142CEAB26C00A78463 /* Int.swift */; };
		04AB4A182CEAC76100A78463 /* Date.swift in Sources */ = {isa = PBXBuildFile; fileRef = 04AB4A172CEAC76000A78463 /* Date.swift */; };
		04AB4A192CEAC76100A78463 /* Date.swift in Sources */ = {isa = PBXBuildFile; fileRef = 04AB4A172CEAC76000A78463 /* Date.swift */; };
		04BFF0262CB13664001E61BF /* ScreenTimeReport.swift in Sources */ = {isa = PBXBuildFile; fileRef = 04BFF0252CB13664001E61BF /* ScreenTimeReport.swift */; };
		04CC78172B96AFED007FD5D1 /* App.swift in Sources */ = {isa = PBXBuildFile; fileRef = 04CC78162B96AFED007FD5D1 /* App.swift */; };
		04CC781B2B96AFEE007FD5D1 /* Assets.xcassets in Resources */ = {isa = PBXBuildFile; fileRef = 04CC781A2B96AFEE007FD5D1 /* Assets.xcassets */; };
		04CC78342B96B150007FD5D1 /* ScreenTimeReport.appex in Embed ExtensionKit Extensions */ = {isa = PBXBuildFile; fileRef = 04CC78282B96B150007FD5D1 /* ScreenTimeReport.appex */; settings = {ATTRIBUTES = (RemoveHeadersOnCopy, ); }; };
/* End PBXBuildFile section */

/* Begin PBXContainerItemProxy section */
		04CC78322B96B150007FD5D1 /* PBXContainerItemProxy */ = {
			isa = PBXContainerItemProxy;
			containerPortal = 04CC780B2B96AFED007FD5D1 /* Project object */;
			proxyType = 1;
			remoteGlobalIDString = 04CC78272B96B150007FD5D1;
			remoteInfo = ScreenTimeReport;
		};
/* End PBXContainerItemProxy section */

/* Begin PBXCopyFilesBuildPhase section */
		04CC78382B96B151007FD5D1 /* Embed ExtensionKit Extensions */ = {
			isa = PBXCopyFilesBuildPhase;
			buildActionMask = 2147483647;
			dstPath = "$(EXTENSIONS_FOLDER_PATH)";
			dstSubfolderSpec = 16;
			files = (
				04CC78342B96B150007FD5D1 /* ScreenTimeReport.appex in Embed ExtensionKit Extensions */,
			);
			name = "Embed ExtensionKit Extensions";
			runOnlyForDeploymentPostprocessing = 0;
		};
/* End PBXCopyFilesBuildPhase section */

/* Begin PBXFileReference section */
		04642B4F2BF3C37A009D0998 /* Array.swift */ = {isa = PBXFileReference; lastKnownFileType = sourcecode.swift; path = Array.swift; sourceTree = "<group>"; };
		04AB49D92CEAB14B00A78463 /* UserDefaults.swift */ = {isa = PBXFileReference; lastKnownFileType = sourcecode.swift; path = UserDefaults.swift; sourceTree = "<group>"; };
		04AB4A112CEAB18500A78463 /* AppState.swift */ = {isa = PBXFileReference; lastKnownFileType = sourcecode.swift; path = AppState.swift; sourceTree = "<group>"; };
		04AB4A142CEAB26C00A78463 /* Int.swift */ = {isa = PBXFileReference; lastKnownFileType = sourcecode.swift; path = Int.swift; sourceTree = "<group>"; };
		04AB4A172CEAC76000A78463 /* Date.swift */ = {isa = PBXFileReference; lastKnownFileType = sourcecode.swift; path = Date.swift; sourceTree = "<group>"; };
		04BFF0252CB13664001E61BF /* ScreenTimeReport.swift */ = {isa = PBXFileReference; lastKnownFileType = sourcecode.swift; path = ScreenTimeReport.swift; sourceTree = "<group>"; };
		04CC78132B96AFED007FD5D1 /* ScreenTimeTracker.app */ = {isa = PBXFileReference; explicitFileType = wrapper.application; includeInIndex = 0; path = ScreenTimeTracker.app; sourceTree = BUILT_PRODUCTS_DIR; };
		04CC78162B96AFED007FD5D1 /* App.swift */ = {isa = PBXFileReference; lastKnownFileType = sourcecode.swift; path = App.swift; sourceTree = "<group>"; };
		04CC781A2B96AFEE007FD5D1 /* Assets.xcassets */ = {isa = PBXFileReference; lastKnownFileType = folder.assetcatalog; path = Assets.xcassets; sourceTree = "<group>"; };
		04CC78282B96B150007FD5D1 /* ScreenTimeReport.appex */ = {isa = PBXFileReference; explicitFileType = "wrapper.extensionkit-extension"; includeInIndex = 0; path = ScreenTimeReport.appex; sourceTree = BUILT_PRODUCTS_DIR; };
		04CC78302B96B150007FD5D1 /* Info.plist */ = {isa = PBXFileReference; lastKnownFileType = text.plist.xml; path = Info.plist; sourceTree = "<group>"; };
		04CC78312B96B150007FD5D1 /* ScreenTimeReport.entitlements */ = {isa = PBXFileReference; lastKnownFileType = text.plist.entitlements; path = ScreenTimeReport.entitlements; sourceTree = "<group>"; };
		04CC78392B96B167007FD5D1 /* DeviceActivityReport.swift */ = {isa = PBXFileReference; lastKnownFileType = sourcecode.swift; path = DeviceActivityReport.swift; sourceTree = "<group>"; };
		04CC783C2B98893D007FD5D1 /* ScreenTimeTracker.entitlements */ = {isa = PBXFileReference; lastKnownFileType = text.plist.entitlements; path = ScreenTimeTracker.entitlements; sourceTree = "<group>"; };
/* End PBXFileReference section */

/* Begin PBXFrameworksBuildPhase section */
		04CC78102B96AFED007FD5D1 /* Frameworks */ = {
			isa = PBXFrameworksBuildPhase;
			buildActionMask = 2147483647;
			files = (
			);
			runOnlyForDeploymentPostprocessing = 0;
		};
		04CC78252B96B150007FD5D1 /* Frameworks */ = {
			isa = PBXFrameworksBuildPhase;
			buildActionMask = 2147483647;
			files = (
			);
			runOnlyForDeploymentPostprocessing = 0;
		};
/* End PBXFrameworksBuildPhase section */

/* Begin PBXGroup section */
		046203A22C22CDAA00AB6BD9 /* Resources */ = {
			isa = PBXGroup;
			children = (
				04CC781A2B96AFEE007FD5D1 /* Assets.xcassets */,
				04CC783C2B98893D007FD5D1 /* ScreenTimeTracker.entitlements */,
			);
			path = Resources;
			sourceTree = "<group>";
		};
		046203A32C22CDB300AB6BD9 /* Resources */ = {
			isa = PBXGroup;
			children = (
				04CC78302B96B150007FD5D1 /* Info.plist */,
				04CC78312B96B150007FD5D1 /* ScreenTimeReport.entitlements */,
			);
			path = Resources;
			sourceTree = "<group>";
		};
		046203A42C22CDC200AB6BD9 /* Extensions */ = {
			isa = PBXGroup;
			children = (
				04AB4A142CEAB26C00A78463 /* Int.swift */,
				04642B4F2BF3C37A009D0998 /* Array.swift */,
				04AB4A172CEAC76000A78463 /* Date.swift */,
				04AB49D92CEAB14B00A78463 /* UserDefaults.swift */,
				04CC78392B96B167007FD5D1 /* DeviceActivityReport.swift */,
			);
			path = Extensions;
			sourceTree = "<group>";
		};
		04AB49DC2CEAB17000A78463 /* Helpers */ = {
			isa = PBXGroup;
			children = (
				04AB4A112CEAB18500A78463 /* AppState.swift */,
			);
			path = Helpers;
			sourceTree = "<group>";
		};
		04CC780A2B96AFED007FD5D1 = {
			isa = PBXGroup;
			children = (
				04CC78152B96AFED007FD5D1 /* ScreenTimeTracker */,
				04CC78292B96B150007FD5D1 /* ScreenTimeReport */,
				04CC78142B96AFED007FD5D1 /* Products */,
			);
			sourceTree = "<group>";
		};
		04CC78142B96AFED007FD5D1 /* Products */ = {
			isa = PBXGroup;
			children = (
				04CC78132B96AFED007FD5D1 /* ScreenTimeTracker.app */,
				04CC78282B96B150007FD5D1 /* ScreenTimeReport.appex */,
			);
			name = Products;
			sourceTree = "<group>";
		};
		04CC78152B96AFED007FD5D1 /* ScreenTimeTracker */ = {
			isa = PBXGroup;
			children = (
				046203A42C22CDC200AB6BD9 /* Extensions */,
				04AB49DC2CEAB17000A78463 /* Helpers */,
				046203A22C22CDAA00AB6BD9 /* Resources */,
				04CC78162B96AFED007FD5D1 /* App.swift */,
			);
			path = ScreenTimeTracker;
			sourceTree = "<group>";
		};
		04CC78292B96B150007FD5D1 /* ScreenTimeReport */ = {
			isa = PBXGroup;
			children = (
				046203A32C22CDB300AB6BD9 /* Resources */,
				04BFF0252CB13664001E61BF /* ScreenTimeReport.swift */,
			);
			path = ScreenTimeReport;
			sourceTree = "<group>";
		};
/* End PBXGroup section */

/* Begin PBXNativeTarget section */
		04CC78122B96AFED007FD5D1 /* ScreenTimeTracker */ = {
			isa = PBXNativeTarget;
			buildConfigurationList = 04CC78212B96AFEE007FD5D1 /* Build configuration list for PBXNativeTarget "ScreenTimeTracker" */;
			buildPhases = (
				04CC780F2B96AFED007FD5D1 /* Sources */,
				04CC78102B96AFED007FD5D1 /* Frameworks */,
				04CC78112B96AFED007FD5D1 /* Resources */,
				04CC78382B96B151007FD5D1 /* Embed ExtensionKit Extensions */,
			);
			buildRules = (
			);
			dependencies = (
				04CC78332B96B150007FD5D1 /* PBXTargetDependency */,
			);
			name = ScreenTimeTracker;
			productName = ScreenTimeTracker;
			productReference = 04CC78132B96AFED007FD5D1 /* ScreenTimeTracker.app */;
			productType = "com.apple.product-type.application";
		};
		04CC78272B96B150007FD5D1 /* ScreenTimeReport */ = {
			isa = PBXNativeTarget;
			buildConfigurationList = 04CC78352B96B151007FD5D1 /* Build configuration list for PBXNativeTarget "ScreenTimeReport" */;
			buildPhases = (
				04CC78242B96B150007FD5D1 /* Sources */,
				04CC78252B96B150007FD5D1 /* Frameworks */,
				04CC78262B96B150007FD5D1 /* Resources */,
			);
			buildRules = (
			);
			dependencies = (
			);
			name = ScreenTimeReport;
			productName = ScreenTimeReport;
			productReference = 04CC78282B96B150007FD5D1 /* ScreenTimeReport.appex */;
			productType = "com.apple.product-type.extensionkit-extension";
		};
/* End PBXNativeTarget section */

/* Begin PBXProject section */
		04CC780B2B96AFED007FD5D1 /* Project object */ = {
			isa = PBXProject;
			attributes = {
				BuildIndependentTargetsInParallel = 1;
				LastSwiftUpdateCheck = 1520;
				LastUpgradeCheck = 1640;
				TargetAttributes = {
					04CC78122B96AFED007FD5D1 = {
						CreatedOnToolsVersion = 15.2;
					};
					04CC78272B96B150007FD5D1 = {
						CreatedOnToolsVersion = 15.2;
					};
				};
			};
			buildConfigurationList = 04CC780E2B96AFED007FD5D1 /* Build configuration list for PBXProject "ScreenTimeTracker" */;
			compatibilityVersion = "Xcode 14.0";
			developmentRegion = en;
			hasScannedForEncodings = 0;
			knownRegions = (
				en,
				Base,
			);
			mainGroup = 04CC780A2B96AFED007FD5D1;
			productRefGroup = 04CC78142B96AFED007FD5D1 /* Products */;
			projectDirPath = "";
			projectRoot = "";
			targets = (
				04CC78122B96AFED007FD5D1 /* ScreenTimeTracker */,
				04CC78272B96B150007FD5D1 /* ScreenTimeReport */,
			);
		};
/* End PBXProject section */

/* Begin PBXResourcesBuildPhase section */
		04CC78112B96AFED007FD5D1 /* Resources */ = {
			isa = PBXResourcesBuildPhase;
			buildActionMask = 2147483647;
			files = (
				04CC781B2B96AFEE007FD5D1 /* Assets.xcassets in Resources */,
			);
			runOnlyForDeploymentPostprocessing = 0;
		};
		04CC78262B96B150007FD5D1 /* Resources */ = {
			isa = PBXResourcesBuildPhase;
			buildActionMask = 2147483647;
			files = (
			);
			runOnlyForDeploymentPostprocessing = 0;
		};
/* End PBXResourcesBuildPhase section */

/* Begin PBXSourcesBuildPhase section */
		04CC780F2B96AFED007FD5D1 /* Sources */ = {
			isa = PBXSourcesBuildPhase;
			buildActionMask = 2147483647;
			files = (
				04AB49DA2CEAB14D00A78463 /* UserDefaults.swift in Sources */,
				04AB4A132CEAB18500A78463 /* AppState.swift in Sources */,
				04AB4A182CEAC76100A78463 /* Date.swift in Sources */,
				04642B452BF3ACA4009D0998 /* DeviceActivityReport.swift in Sources */,
				04AB4A152CEAB26D00A78463 /* Int.swift in Sources */,
				04CC78172B96AFED007FD5D1 /* App.swift in Sources */,
				04642B502BF3C37A009D0998 /* Array.swift in Sources */,
			);
			runOnlyForDeploymentPostprocessing = 0;
		};
		04CC78242B96B150007FD5D1 /* Sources */ = {
			isa = PBXSourcesBuildPhase;
			buildActionMask = 2147483647;
			files = (
				04AB49DB2CEAB14D00A78463 /* UserDefaults.swift in Sources */,
				04AB4A122CEAB18500A78463 /* AppState.swift in Sources */,
				04AB4A192CEAC76100A78463 /* Date.swift in Sources */,
				04642B3D2BF3AB68009D0998 /* DeviceActivityReport.swift in Sources */,
				04AB4A162CEAB26D00A78463 /* Int.swift in Sources */,
				04BFF0262CB13664001E61BF /* ScreenTimeReport.swift in Sources */,
				04642B512BF3C389009D0998 /* Array.swift in Sources */,
			);
			runOnlyForDeploymentPostprocessing = 0;
		};
/* End PBXSourcesBuildPhase section */

/* Begin PBXTargetDependency section */
		04CC78332B96B150007FD5D1 /* PBXTargetDependency */ = {
			isa = PBXTargetDependency;
			target = 04CC78272B96B150007FD5D1 /* ScreenTimeReport */;
			targetProxy = 04CC78322B96B150007FD5D1 /* PBXContainerItemProxy */;
		};
/* End PBXTargetDependency section */

/* Begin XCBuildConfiguration section */
		04CC781F2B96AFEE007FD5D1 /* Debug */ = {
			isa = XCBuildConfiguration;
			buildSettings = {
				ALWAYS_SEARCH_USER_PATHS = NO;
				ASSETCATALOG_COMPILER_GENERATE_SWIFT_ASSET_SYMBOL_EXTENSIONS = YES;
				CLANG_ANALYZER_NONNULL = YES;
				CLANG_ANALYZER_NUMBER_OBJECT_CONVERSION = YES_AGGRESSIVE;
				CLANG_CXX_LANGUAGE_STANDARD = "gnu++20";
				CLANG_ENABLE_MODULES = YES;
				CLANG_ENABLE_OBJC_ARC = YES;
				CLANG_ENABLE_OBJC_WEAK = YES;
				CLANG_WARN_BLOCK_CAPTURE_AUTORELEASING = YES;
				CLANG_WARN_BOOL_CONVERSION = YES;
				CLANG_WARN_COMMA = YES;
				CLANG_WARN_CONSTANT_CONVERSION = YES;
				CLANG_WARN_DEPRECATED_OBJC_IMPLEMENTATIONS = YES;
				CLANG_WARN_DIRECT_OBJC_ISA_USAGE = YES_ERROR;
				CLANG_WARN_DOCUMENTATION_COMMENTS = YES;
				CLANG_WARN_EMPTY_BODY = YES;
				CLANG_WARN_ENUM_CONVERSION = YES;
				CLANG_WARN_INFINITE_RECURSION = YES;
				CLANG_WARN_INT_CONVERSION = YES;
				CLANG_WARN_NON_LITERAL_NULL_CONVERSION = YES;
				CLANG_WARN_OBJC_IMPLICIT_RETAIN_SELF = YES;
				CLANG_WARN_OBJC_LITERAL_CONVERSION = YES;
				CLANG_WARN_OBJC_ROOT_CLASS = YES_ERROR;
				CLANG_WARN_QUOTED_INCLUDE_IN_FRAMEWORK_HEADER = YES;
				CLANG_WARN_RANGE_LOOP_ANALYSIS = YES;
				CLANG_WARN_STRICT_PROTOTYPES = YES;
				CLANG_WARN_SUSPICIOUS_MOVE = YES;
				CLANG_WARN_UNGUARDED_AVAILABILITY = YES_AGGRESSIVE;
				CLANG_WARN_UNREACHABLE_CODE = YES;
				CLANG_WARN__DUPLICATE_METHOD_MATCH = YES;
				COPY_PHASE_STRIP = NO;
				DEBUG_INFORMATION_FORMAT = dwarf;
				DEVELOPMENT_TEAM = 4CQW4CFFYT;
				ENABLE_STRICT_OBJC_MSGSEND = YES;
				ENABLE_TESTABILITY = YES;
				ENABLE_USER_SCRIPT_SANDBOXING = YES;
				GCC_C_LANGUAGE_STANDARD = gnu17;
				GCC_DYNAMIC_NO_PIC = NO;
				GCC_NO_COMMON_BLOCKS = YES;
				GCC_OPTIMIZATION_LEVEL = 0;
				GCC_PREPROCESSOR_DEFINITIONS = (
					"DEBUG=1",
					"$(inherited)",
				);
				GCC_WARN_64_TO_32_BIT_CONVERSION = YES;
				GCC_WARN_ABOUT_RETURN_TYPE = YES_ERROR;
				GCC_WARN_UNDECLARED_SELECTOR = YES;
				GCC_WARN_UNINITIALIZED_AUTOS = YES_AGGRESSIVE;
				GCC_WARN_UNUSED_FUNCTION = YES;
				GCC_WARN_UNUSED_VARIABLE = YES;
				IPHONEOS_DEPLOYMENT_TARGET = 17.2;
				LOCALIZATION_PREFERS_STRING_CATALOGS = YES;
				MTL_ENABLE_DEBUG_INFO = INCLUDE_SOURCE;
				MTL_FAST_MATH = YES;
				ONLY_ACTIVE_ARCH = YES;
				SDKROOT = iphoneos;
				SWIFT_ACTIVE_COMPILATION_CONDITIONS = "DEBUG $(inherited)";
				SWIFT_OPTIMIZATION_LEVEL = "-Onone";
			};
			name = Debug;
		};
		04CC78202B96AFEE007FD5D1 /* Release */ = {
			isa = XCBuildConfiguration;
			buildSettings = {
				ALWAYS_SEARCH_USER_PATHS = NO;
				ASSETCATALOG_COMPILER_GENERATE_SWIFT_ASSET_SYMBOL_EXTENSIONS = YES;
				CLANG_ANALYZER_NONNULL = YES;
				CLANG_ANALYZER_NUMBER_OBJECT_CONVERSION = YES_AGGRESSIVE;
				CLANG_CXX_LANGUAGE_STANDARD = "gnu++20";
				CLANG_ENABLE_MODULES = YES;
				CLANG_ENABLE_OBJC_ARC = YES;
				CLANG_ENABLE_OBJC_WEAK = YES;
				CLANG_WARN_BLOCK_CAPTURE_AUTORELEASING = YES;
				CLANG_WARN_BOOL_CONVERSION = YES;
				CLANG_WARN_COMMA = YES;
				CLANG_WARN_CONSTANT_CONVERSION = YES;
				CLANG_WARN_DEPRECATED_OBJC_IMPLEMENTATIONS = YES;
				CLANG_WARN_DIRECT_OBJC_ISA_USAGE = YES_ERROR;
				CLANG_WARN_DOCUMENTATION_COMMENTS = YES;
				CLANG_WARN_EMPTY_BODY = YES;
				CLANG_WARN_ENUM_CONVERSION = YES;
				CLANG_WARN_INFINITE_RECURSION = YES;
				CLANG_WARN_INT_CONVERSION = YES;
				CLANG_WARN_NON_LITERAL_NULL_CONVERSION = YES;
				CLANG_WARN_OBJC_IMPLICIT_RETAIN_SELF = YES;
				CLANG_WARN_OBJC_LITERAL_CONVERSION = YES;
				CLANG_WARN_OBJC_ROOT_CLASS = YES_ERROR;
				CLANG_WARN_QUOTED_INCLUDE_IN_FRAMEWORK_HEADER = YES;
				CLANG_WARN_RANGE_LOOP_ANALYSIS = YES;
				CLANG_WARN_STRICT_PROTOTYPES = YES;
				CLANG_WARN_SUSPICIOUS_MOVE = YES;
				CLANG_WARN_UNGUARDED_AVAILABILITY = YES_AGGRESSIVE;
				CLANG_WARN_UNREACHABLE_CODE = YES;
				CLANG_WARN__DUPLICATE_METHOD_MATCH = YES;
				COPY_PHASE_STRIP = NO;
				DEBUG_INFORMATION_FORMAT = "dwarf-with-dsym";
				DEVELOPMENT_TEAM = 4CQW4CFFYT;
				ENABLE_NS_ASSERTIONS = NO;
				ENABLE_STRICT_OBJC_MSGSEND = YES;
				ENABLE_USER_SCRIPT_SANDBOXING = YES;
				GCC_C_LANGUAGE_STANDARD = gnu17;
				GCC_NO_COMMON_BLOCKS = YES;
				GCC_WARN_64_TO_32_BIT_CONVERSION = YES;
				GCC_WARN_ABOUT_RETURN_TYPE = YES_ERROR;
				GCC_WARN_UNDECLARED_SELECTOR = YES;
				GCC_WARN_UNINITIALIZED_AUTOS = YES_AGGRESSIVE;
				GCC_WARN_UNUSED_FUNCTION = YES;
				GCC_WARN_UNUSED_VARIABLE = YES;
				IPHONEOS_DEPLOYMENT_TARGET = 17.2;
				LOCALIZATION_PREFERS_STRING_CATALOGS = YES;
				MTL_ENABLE_DEBUG_INFO = NO;
				MTL_FAST_MATH = YES;
				SDKROOT = iphoneos;
				SWIFT_COMPILATION_MODE = wholemodule;
				VALIDATE_PRODUCT = YES;
			};
			name = Release;
		};
		04CC78222B96AFEE007FD5D1 /* Debug */ = {
			isa = XCBuildConfiguration;
			buildSettings = {
				ASSETCATALOG_COMPILER_APPICON_NAME = AppIcon;
				ASSETCATALOG_COMPILER_GLOBAL_ACCENT_COLOR_NAME = AccentColor;
				CODE_SIGN_ENTITLEMENTS = ScreenTimeTracker/Resources/ScreenTimeTracker.entitlements;
				CODE_SIGN_STYLE = Automatic;
				CURRENT_PROJECT_VERSION = 1;
				DEVELOPMENT_ASSET_PATHS = "";
				ENABLE_PREVIEWS = YES;
				GENERATE_INFOPLIST_FILE = YES;
				INFOPLIST_KEY_CFBundleDisplayName = "Screen Time";
				INFOPLIST_KEY_UIApplicationSceneManifest_Generation = YES;
				INFOPLIST_KEY_UIApplicationSupportsIndirectInputEvents = YES;
				INFOPLIST_KEY_UILaunchScreen_Generation = YES;
				INFOPLIST_KEY_UISupportedInterfaceOrientations = UIInterfaceOrientationPortrait;
				IPHONEOS_DEPLOYMENT_TARGET = 17.0;
				LD_RUNPATH_SEARCH_PATHS = (
					"$(inherited)",
					"@executable_path/Frameworks",
				);
				MARKETING_VERSION = 1.0;
				PRODUCT_BUNDLE_IDENTIFIER = com.jackfinnis.ScreenTimeTracker;
				PRODUCT_NAME = "$(TARGET_NAME)";
				SUPPORTED_PLATFORMS = "iphoneos iphonesimulator";
				SUPPORTS_MACCATALYST = NO;
				SUPPORTS_MAC_DESIGNED_FOR_IPHONE_IPAD = NO;
				SUPPORTS_XR_DESIGNED_FOR_IPHONE_IPAD = NO;
				SWIFT_EMIT_LOC_STRINGS = YES;
				SWIFT_VERSION = 5.0;
				TARGETED_DEVICE_FAMILY = 1;
			};
			name = Debug;
		};
		04CC78232B96AFEE007FD5D1 /* Release */ = {
			isa = XCBuildConfiguration;
			buildSettings = {
				ASSETCATALOG_COMPILER_APPICON_NAME = AppIcon;
				ASSETCATALOG_COMPILER_GLOBAL_ACCENT_COLOR_NAME = AccentColor;
				CODE_SIGN_ENTITLEMENTS = ScreenTimeTracker/Resources/ScreenTimeTracker.entitlements;
				CODE_SIGN_STYLE = Automatic;
				CURRENT_PROJECT_VERSION = 1;
				DEVELOPMENT_ASSET_PATHS = "";
				ENABLE_PREVIEWS = YES;
				GENERATE_INFOPLIST_FILE = YES;
				INFOPLIST_KEY_CFBundleDisplayName = "Screen Time";
				INFOPLIST_KEY_UIApplicationSceneManifest_Generation = YES;
				INFOPLIST_KEY_UIApplicationSupportsIndirectInputEvents = YES;
				INFOPLIST_KEY_UILaunchScreen_Generation = YES;
				INFOPLIST_KEY_UISupportedInterfaceOrientations = UIInterfaceOrientationPortrait;
				IPHONEOS_DEPLOYMENT_TARGET = 17.0;
				LD_RUNPATH_SEARCH_PATHS = (
					"$(inherited)",
					"@executable_path/Frameworks",
				);
				MARKETING_VERSION = 1.0;
				PRODUCT_BUNDLE_IDENTIFIER = com.jackfinnis.ScreenTimeTracker;
				PRODUCT_NAME = "$(TARGET_NAME)";
				SUPPORTED_PLATFORMS = "iphoneos iphonesimulator";
				SUPPORTS_MACCATALYST = NO;
				SUPPORTS_MAC_DESIGNED_FOR_IPHONE_IPAD = NO;
				SUPPORTS_XR_DESIGNED_FOR_IPHONE_IPAD = NO;
				SWIFT_EMIT_LOC_STRINGS = YES;
				SWIFT_VERSION = 5.0;
				TARGETED_DEVICE_FAMILY = 1;
			};
			name = Release;
		};
		04CC78362B96B151007FD5D1 /* Debug */ = {
			isa = XCBuildConfiguration;
			buildSettings = {
				CODE_SIGN_ENTITLEMENTS = ScreenTimeReport/Resources/ScreenTimeReport.entitlements;
				CODE_SIGN_STYLE = Automatic;
				CURRENT_PROJECT_VERSION = 1;
				GENERATE_INFOPLIST_FILE = YES;
				INFOPLIST_FILE = ScreenTimeReport/Resources/Info.plist;
				INFOPLIST_KEY_CFBundleDisplayName = ScreenTimeReport;
				INFOPLIST_KEY_NSHumanReadableCopyright = "";
				IPHONEOS_DEPLOYMENT_TARGET = 17.0;
				LD_RUNPATH_SEARCH_PATHS = (
					"$(inherited)",
					"@executable_path/Frameworks",
					"@executable_path/../../Frameworks",
				);
				MARKETING_VERSION = 1.0;
				PRODUCT_BUNDLE_IDENTIFIER = com.jackfinnis.ScreenTimeTracker.ScreenTimeReport;
				PRODUCT_NAME = "$(TARGET_NAME)";
				SKIP_INSTALL = YES;
				SWIFT_EMIT_LOC_STRINGS = YES;
				SWIFT_VERSION = 5.0;
				TARGETED_DEVICE_FAMILY = "1,2";
			};
			name = Debug;
		};
		04CC78372B96B151007FD5D1 /* Release */ = {
			isa = XCBuildConfiguration;
			buildSettings = {
				CODE_SIGN_ENTITLEMENTS = ScreenTimeReport/Resources/ScreenTimeReport.entitlements;
				CODE_SIGN_STYLE = Automatic;
				CURRENT_PROJECT_VERSION = 1;
				GENERATE_INFOPLIST_FILE = YES;
				INFOPLIST_FILE = ScreenTimeReport/Resources/Info.plist;
				INFOPLIST_KEY_CFBundleDisplayName = ScreenTimeReport;
				INFOPLIST_KEY_NSHumanReadableCopyright = "";
				IPHONEOS_DEPLOYMENT_TARGET = 17.0;
				LD_RUNPATH_SEARCH_PATHS = (
					"$(inherited)",
					"@executable_path/Frameworks",
					"@executable_path/../../Frameworks",
				);
				MARKETING_VERSION = 1.0;
				PRODUCT_BUNDLE_IDENTIFIER = com.jackfinnis.ScreenTimeTracker.ScreenTimeReport;
				PRODUCT_NAME = "$(TARGET_NAME)";
				SKIP_INSTALL = YES;
				SWIFT_EMIT_LOC_STRINGS = YES;
				SWIFT_VERSION = 5.0;
				TARGETED_DEVICE_FAMILY = "1,2";
			};
			name = Release;
		};
/* End XCBuildConfiguration section */

/* Begin XCConfigurationList section */
		04CC780E2B96AFED007FD5D1 /* Build configuration list for PBXProject "ScreenTimeTracker" */ = {
			isa = XCConfigurationList;
			buildConfigurations = (
				04CC781F2B96AFEE007FD5D1 /* Debug */,
				04CC78202B96AFEE007FD5D1 /* Release */,
			);
			defaultConfigurationIsVisible = 0;
			defaultConfigurationName = Release;
		};
		04CC78212B96AFEE007FD5D1 /* Build configuration list for PBXNativeTarget "ScreenTimeTracker" */ = {
			isa = XCConfigurationList;
			buildConfigurations = (
				04CC78222B96AFEE007FD5D1 /* Debug */,
				04CC78232B96AFEE007FD5D1 /* Release */,
			);
			defaultConfigurationIsVisible = 0;
			defaultConfigurationName = Release;
		};
		04CC78352B96B151007FD5D1 /* Build configuration list for PBXNativeTarget "ScreenTimeReport" */ = {
			isa = XCConfigurationList;
			buildConfigurations = (
				04CC78362B96B151007FD5D1 /* Debug */,
				04CC78372B96B151007FD5D1 /* Release */,
			);
			defaultConfigurationIsVisible = 0;
			defaultConfigurationName = Release;
		};
/* End XCConfigurationList section */
	};
	rootObject = 04CC780B2B96AFED007FD5D1 /* Project object */;
}
